// !$*UTF8*$!
{
	archiveVersion = 1;
	classes = {
	};
	objectVersion = 46;
	objects = {

/* Begin PBXBuildFile section */
		8415839114826F4B00ACA574 /* QuartzCore.framework in Frameworks */ = {isa = PBXBuildFile; fileRef = 8415839014826F4B00ACA574 /* QuartzCore.framework */; };
		8415839314826F4B00ACA574 /* OpenGLES.framework in Frameworks */ = {isa = PBXBuildFile; fileRef = 8415839214826F4B00ACA574 /* OpenGLES.framework */; };
		8415839514826F4B00ACA574 /* OpenAL.framework in Frameworks */ = {isa = PBXBuildFile; fileRef = 8415839414826F4B00ACA574 /* OpenAL.framework */; };
		8415839714826F4B00ACA574 /* AudioToolbox.framework in Frameworks */ = {isa = PBXBuildFile; fileRef = 8415839614826F4B00ACA574 /* AudioToolbox.framework */; };
		8415839914826F4B00ACA574 /* AVFoundation.framework in Frameworks */ = {isa = PBXBuildFile; fileRef = 8415839814826F4B00ACA574 /* AVFoundation.framework */; };
		8415839B14826F4B00ACA574 /* UIKit.framework in Frameworks */ = {isa = PBXBuildFile; fileRef = 8415839A14826F4B00ACA574 /* UIKit.framework */; };
		8415839D14826F4B00ACA574 /* Foundation.framework in Frameworks */ = {isa = PBXBuildFile; fileRef = 8415839C14826F4B00ACA574 /* Foundation.framework */; };
		8415839F14826F4B00ACA574 /* CoreGraphics.framework in Frameworks */ = {isa = PBXBuildFile; fileRef = 8415839E14826F4B00ACA574 /* CoreGraphics.framework */; };
		841583A314826F4B00ACA574 /* Default.png in Resources */ = {isa = PBXBuildFile; fileRef = 841583A214826F4B00ACA574 /* Default.png */; };
		841583A514826F4B00ACA574 /* fps_images.png in Resources */ = {isa = PBXBuildFile; fileRef = 841583A414826F4B00ACA574 /* fps_images.png */; };
		841583A714826F4B00ACA574 /* Icon-72.png in Resources */ = {isa = PBXBuildFile; fileRef = 841583A614826F4B00ACA574 /* Icon-72.png */; };
		841583A914826F4B00ACA574 /* Icon-Small-50.png in Resources */ = {isa = PBXBuildFile; fileRef = 841583A814826F4B00ACA574 /* Icon-Small-50.png */; };
		841583AB14826F4B00ACA574 /* Icon-Small.png in Resources */ = {isa = PBXBuildFile; fileRef = 841583AA14826F4B00ACA574 /* Icon-Small.png */; };
		841583AD14826F4B00ACA574 /* Icon-Small@2x.png in Resources */ = {isa = PBXBuildFile; fileRef = 841583AC14826F4B00ACA574 /* Icon-Small@2x.png */; };
		841583AF14826F4B00ACA574 /* Icon.png in Resources */ = {isa = PBXBuildFile; fileRef = 841583AE14826F4B00ACA574 /* Icon.png */; };
		841583B114826F4B00ACA574 /* Icon@2x.png in Resources */ = {isa = PBXBuildFile; fileRef = 841583B014826F4B00ACA574 /* Icon@2x.png */; };
		841583B414826F4B00ACA574 /* iTunesArtwork in Resources */ = {isa = PBXBuildFile; fileRef = 841583B314826F4B00ACA574 /* iTunesArtwork */; };
		841583B914826F4B00ACA574 /* CCAction.m in Sources */ = {isa = PBXBuildFile; fileRef = 841583B814826F4B00ACA574 /* CCAction.m */; };
		841583BC14826F4B00ACA574 /* CCActionCamera.m in Sources */ = {isa = PBXBuildFile; fileRef = 841583BB14826F4B00ACA574 /* CCActionCamera.m */; };
		841583BF14826F4B00ACA574 /* CCActionEase.m in Sources */ = {isa = PBXBuildFile; fileRef = 841583BE14826F4B00ACA574 /* CCActionEase.m */; };
		841583C214826F4B00ACA574 /* CCActionGrid.m in Sources */ = {isa = PBXBuildFile; fileRef = 841583C114826F4B00ACA574 /* CCActionGrid.m */; };
		841583C514826F4B00ACA574 /* CCActionGrid3D.m in Sources */ = {isa = PBXBuildFile; fileRef = 841583C414826F4B00ACA574 /* CCActionGrid3D.m */; };
		841583C814826F4B00ACA574 /* CCActionInstant.m in Sources */ = {isa = PBXBuildFile; fileRef = 841583C714826F4B00ACA574 /* CCActionInstant.m */; };
		841583CB14826F4B00ACA574 /* CCActionInterval.m in Sources */ = {isa = PBXBuildFile; fileRef = 841583CA14826F4B00ACA574 /* CCActionInterval.m */; };
		841583CE14826F4B00ACA574 /* CCActionManager.m in Sources */ = {isa = PBXBuildFile; fileRef = 841583CD14826F4B00ACA574 /* CCActionManager.m */; };
		841583D114826F4B00ACA574 /* CCActionPageTurn3D.m in Sources */ = {isa = PBXBuildFile; fileRef = 841583D014826F4B00ACA574 /* CCActionPageTurn3D.m */; };
		841583D414826F4B00ACA574 /* CCActionProgressTimer.m in Sources */ = {isa = PBXBuildFile; fileRef = 841583D314826F4B00ACA574 /* CCActionProgressTimer.m */; };
		841583D714826F4B00ACA574 /* CCActionTiledGrid.m in Sources */ = {isa = PBXBuildFile; fileRef = 841583D614826F4B00ACA574 /* CCActionTiledGrid.m */; };
		841583DA14826F4B00ACA574 /* CCActionTween.m in Sources */ = {isa = PBXBuildFile; fileRef = 841583D914826F4B00ACA574 /* CCActionTween.m */; };
		841583DD14826F4B00ACA574 /* CCAnimation.m in Sources */ = {isa = PBXBuildFile; fileRef = 841583DC14826F4B00ACA574 /* CCAnimation.m */; };
		841583E014826F4B00ACA574 /* CCAnimationCache.m in Sources */ = {isa = PBXBuildFile; fileRef = 841583DF14826F4B00ACA574 /* CCAnimationCache.m */; };
		841583E314826F4B00ACA574 /* CCAtlasNode.m in Sources */ = {isa = PBXBuildFile; fileRef = 841583E214826F4B00ACA574 /* CCAtlasNode.m */; };
		841583E614826F4B00ACA574 /* CCBlockSupport.m in Sources */ = {isa = PBXBuildFile; fileRef = 841583E514826F4B00ACA574 /* CCBlockSupport.m */; };
		841583E914826F4B00ACA574 /* CCCamera.m in Sources */ = {isa = PBXBuildFile; fileRef = 841583E814826F4B00ACA574 /* CCCamera.m */; };
		841583ED14826F4B00ACA574 /* CCConfiguration.m in Sources */ = {isa = PBXBuildFile; fileRef = 841583EC14826F4B00ACA574 /* CCConfiguration.m */; };
		841583F014826F4B00ACA574 /* CCDirector.m in Sources */ = {isa = PBXBuildFile; fileRef = 841583EF14826F4B00ACA574 /* CCDirector.m */; };
		841583F314826F4B00ACA574 /* CCDrawingPrimitives.m in Sources */ = {isa = PBXBuildFile; fileRef = 841583F214826F4B00ACA574 /* CCDrawingPrimitives.m */; };
		841583F614826F4B00ACA574 /* CCGrabber.m in Sources */ = {isa = PBXBuildFile; fileRef = 841583F514826F4B00ACA574 /* CCGrabber.m */; };
		841583F914826F4C00ACA574 /* CCGrid.m in Sources */ = {isa = PBXBuildFile; fileRef = 841583F814826F4C00ACA574 /* CCGrid.m */; };
		841583FC14826F4C00ACA574 /* CCLabelAtlas.m in Sources */ = {isa = PBXBuildFile; fileRef = 841583FB14826F4C00ACA574 /* CCLabelAtlas.m */; };
		841583FF14826F4C00ACA574 /* CCLabelBMFont.m in Sources */ = {isa = PBXBuildFile; fileRef = 841583FE14826F4C00ACA574 /* CCLabelBMFont.m */; };
		8415840214826F4C00ACA574 /* CCLabelTTF.m in Sources */ = {isa = PBXBuildFile; fileRef = 8415840114826F4C00ACA574 /* CCLabelTTF.m */; };
		8415840514826F4C00ACA574 /* CCLayer.m in Sources */ = {isa = PBXBuildFile; fileRef = 8415840414826F4C00ACA574 /* CCLayer.m */; };
		8415840914826F4C00ACA574 /* CCMenu.m in Sources */ = {isa = PBXBuildFile; fileRef = 8415840814826F4C00ACA574 /* CCMenu.m */; };
		8415840C14826F4C00ACA574 /* CCMenuItem.m in Sources */ = {isa = PBXBuildFile; fileRef = 8415840B14826F4C00ACA574 /* CCMenuItem.m */; };
		8415840F14826F4C00ACA574 /* CCMotionStreak.m in Sources */ = {isa = PBXBuildFile; fileRef = 8415840E14826F4C00ACA574 /* CCMotionStreak.m */; };
		8415841214826F4C00ACA574 /* CCNode.m in Sources */ = {isa = PBXBuildFile; fileRef = 8415841114826F4C00ACA574 /* CCNode.m */; };
		8415841514826F4C00ACA574 /* CCParallaxNode.m in Sources */ = {isa = PBXBuildFile; fileRef = 8415841414826F4C00ACA574 /* CCParallaxNode.m */; };
		8415841814826F4C00ACA574 /* CCParticleBatchNode.m in Sources */ = {isa = PBXBuildFile; fileRef = 8415841714826F4C00ACA574 /* CCParticleBatchNode.m */; };
		8415841B14826F4C00ACA574 /* CCParticleExamples.m in Sources */ = {isa = PBXBuildFile; fileRef = 8415841A14826F4C00ACA574 /* CCParticleExamples.m */; };
		8415841E14826F4C00ACA574 /* CCParticleSystem.m in Sources */ = {isa = PBXBuildFile; fileRef = 8415841D14826F4C00ACA574 /* CCParticleSystem.m */; };
		8415842114826F4C00ACA574 /* CCParticleSystemPoint.m in Sources */ = {isa = PBXBuildFile; fileRef = 8415842014826F4C00ACA574 /* CCParticleSystemPoint.m */; };
		8415842414826F4C00ACA574 /* CCParticleSystemQuad.m in Sources */ = {isa = PBXBuildFile; fileRef = 8415842314826F4C00ACA574 /* CCParticleSystemQuad.m */; };
		8415842714826F4C00ACA574 /* CCProgressTimer.m in Sources */ = {isa = PBXBuildFile; fileRef = 8415842614826F4C00ACA574 /* CCProgressTimer.m */; };
		8415842B14826F4C00ACA574 /* CCRenderTexture.m in Sources */ = {isa = PBXBuildFile; fileRef = 8415842A14826F4C00ACA574 /* CCRenderTexture.m */; };
		8415842E14826F4C00ACA574 /* CCRibbon.m in Sources */ = {isa = PBXBuildFile; fileRef = 8415842D14826F4C00ACA574 /* CCRibbon.m */; };
		8415843114826F4C00ACA574 /* CCScene.m in Sources */ = {isa = PBXBuildFile; fileRef = 8415843014826F4C00ACA574 /* CCScene.m */; };
		8415843414826F4C00ACA574 /* CCScheduler.m in Sources */ = {isa = PBXBuildFile; fileRef = 8415843314826F4C00ACA574 /* CCScheduler.m */; };
		8415843714826F4C00ACA574 /* CCSprite.m in Sources */ = {isa = PBXBuildFile; fileRef = 8415843614826F4C00ACA574 /* CCSprite.m */; };
		8415843A14826F4C00ACA574 /* CCSpriteBatchNode.m in Sources */ = {isa = PBXBuildFile; fileRef = 8415843914826F4C00ACA574 /* CCSpriteBatchNode.m */; };
		8415843D14826F4C00ACA574 /* CCSpriteFrame.m in Sources */ = {isa = PBXBuildFile; fileRef = 8415843C14826F4C00ACA574 /* CCSpriteFrame.m */; };
		8415844014826F4C00ACA574 /* CCSpriteFrameCache.m in Sources */ = {isa = PBXBuildFile; fileRef = 8415843F14826F4C00ACA574 /* CCSpriteFrameCache.m */; };
		8415844314826F4C00ACA574 /* CCTexture2D.m in Sources */ = {isa = PBXBuildFile; fileRef = 8415844214826F4C00ACA574 /* CCTexture2D.m */; };
		8415844614826F4C00ACA574 /* CCTextureAtlas.m in Sources */ = {isa = PBXBuildFile; fileRef = 8415844514826F4C00ACA574 /* CCTextureAtlas.m */; };
		8415844914826F4C00ACA574 /* CCTextureCache.m in Sources */ = {isa = PBXBuildFile; fileRef = 8415844814826F4C00ACA574 /* CCTextureCache.m */; };
		8415844C14826F4C00ACA574 /* CCTexturePVR.m in Sources */ = {isa = PBXBuildFile; fileRef = 8415844B14826F4C00ACA574 /* CCTexturePVR.m */; };
		8415844F14826F4C00ACA574 /* CCTileMapAtlas.m in Sources */ = {isa = PBXBuildFile; fileRef = 8415844E14826F4C00ACA574 /* CCTileMapAtlas.m */; };
		8415845214826F4C00ACA574 /* CCTMXLayer.m in Sources */ = {isa = PBXBuildFile; fileRef = 8415845114826F4C00ACA574 /* CCTMXLayer.m */; };
		8415845514826F4C00ACA574 /* CCTMXObjectGroup.m in Sources */ = {isa = PBXBuildFile; fileRef = 8415845414826F4C00ACA574 /* CCTMXObjectGroup.m */; };
		8415845814826F4C00ACA574 /* CCTMXTiledMap.m in Sources */ = {isa = PBXBuildFile; fileRef = 8415845714826F4C00ACA574 /* CCTMXTiledMap.m */; };
		8415845B14826F4C00ACA574 /* CCTMXXMLParser.m in Sources */ = {isa = PBXBuildFile; fileRef = 8415845A14826F4C00ACA574 /* CCTMXXMLParser.m */; };
		8415845E14826F4C00ACA574 /* CCTransition.m in Sources */ = {isa = PBXBuildFile; fileRef = 8415845D14826F4C00ACA574 /* CCTransition.m */; };
		8415846114826F4C00ACA574 /* CCTransitionPageTurn.m in Sources */ = {isa = PBXBuildFile; fileRef = 8415846014826F4C00ACA574 /* CCTransitionPageTurn.m */; };
		8415846414826F4C00ACA574 /* CCTransitionRadial.m in Sources */ = {isa = PBXBuildFile; fileRef = 8415846314826F4C00ACA574 /* CCTransitionRadial.m */; };
		8415846814826F4C00ACA574 /* cocos2d.m in Sources */ = {isa = PBXBuildFile; fileRef = 8415846714826F4C00ACA574 /* cocos2d.m */; };
		8415846F14826F4C00ACA574 /* CCDirectorIOS.m in Sources */ = {isa = PBXBuildFile; fileRef = 8415846E14826F4C00ACA574 /* CCDirectorIOS.m */; };
		8415847314826F4C00ACA574 /* CCTouchDispatcher.m in Sources */ = {isa = PBXBuildFile; fileRef = 8415847214826F4C00ACA574 /* CCTouchDispatcher.m */; };
		8415847614826F4C00ACA574 /* CCTouchHandler.m in Sources */ = {isa = PBXBuildFile; fileRef = 8415847514826F4C00ACA574 /* CCTouchHandler.m */; };
		8415847914826F4C00ACA574 /* EAGLView.m in Sources */ = {isa = PBXBuildFile; fileRef = 8415847814826F4C00ACA574 /* EAGLView.m */; };
		8415847C14826F4C00ACA574 /* ES1Renderer.m in Sources */ = {isa = PBXBuildFile; fileRef = 8415847B14826F4C00ACA574 /* ES1Renderer.m */; };
		8415847F14826F4C00ACA574 /* glu.c in Sources */ = {isa = PBXBuildFile; fileRef = 8415847E14826F4C00ACA574 /* glu.c */; };
		8415848414826F4C00ACA574 /* CCDirectorMac.m in Sources */ = {isa = PBXBuildFile; fileRef = 8415848314826F4C00ACA574 /* CCDirectorMac.m */; };
		8415848714826F4C00ACA574 /* CCEventDispatcher.m in Sources */ = {isa = PBXBuildFile; fileRef = 8415848614826F4C00ACA574 /* CCEventDispatcher.m */; };
		8415848A14826F4C00ACA574 /* MacGLView.m in Sources */ = {isa = PBXBuildFile; fileRef = 8415848914826F4C00ACA574 /* MacGLView.m */; };
		8415848D14826F4C00ACA574 /* MacWindow.m in Sources */ = {isa = PBXBuildFile; fileRef = 8415848C14826F4C00ACA574 /* MacWindow.m */; };
		8415849014826F4C00ACA574 /* base64.c in Sources */ = {isa = PBXBuildFile; fileRef = 8415848F14826F4C00ACA574 /* base64.c */; };
		8415849414826F4C00ACA574 /* CCArray.m in Sources */ = {isa = PBXBuildFile; fileRef = 8415849314826F4C00ACA574 /* CCArray.m */; };
		8415849814826F4C00ACA574 /* CCFileUtils.m in Sources */ = {isa = PBXBuildFile; fileRef = 8415849714826F4C00ACA574 /* CCFileUtils.m */; };
		8415849B14826F4C00ACA574 /* CCProfiling.m in Sources */ = {isa = PBXBuildFile; fileRef = 8415849A14826F4C00ACA574 /* CCProfiling.m */; };
		8415849D14826F4C00ACA574 /* ccUtils.c in Sources */ = {isa = PBXBuildFile; fileRef = 8415849C14826F4C00ACA574 /* ccUtils.c */; };
		841584A114826F4C00ACA574 /* CGPointExtension.m in Sources */ = {isa = PBXBuildFile; fileRef = 841584A014826F4C00ACA574 /* CGPointExtension.m */; };
		841584A514826F4C00ACA574 /* TGAlib.m in Sources */ = {isa = PBXBuildFile; fileRef = 841584A414826F4C00ACA574 /* TGAlib.m */; };
		841584A814826F4C00ACA574 /* TransformUtils.m in Sources */ = {isa = PBXBuildFile; fileRef = 841584A714826F4C00ACA574 /* TransformUtils.m */; };
		841584AD14826F4C00ACA574 /* ZipUtils.m in Sources */ = {isa = PBXBuildFile; fileRef = 841584AC14826F4C00ACA574 /* ZipUtils.m */; };
		841584B214826F4C00ACA574 /* CDAudioManager.m in Sources */ = {isa = PBXBuildFile; fileRef = 841584B114826F4C00ACA574 /* CDAudioManager.m */; };
		841584B614826F4C00ACA574 /* CDOpenALSupport.m in Sources */ = {isa = PBXBuildFile; fileRef = 841584B514826F4C00ACA574 /* CDOpenALSupport.m */; };
		841584B914826F4C00ACA574 /* CocosDenshion.m in Sources */ = {isa = PBXBuildFile; fileRef = 841584B814826F4C00ACA574 /* CocosDenshion.m */; };
		841584BC14826F4D00ACA574 /* SimpleAudioEngine.m in Sources */ = {isa = PBXBuildFile; fileRef = 841584BB14826F4D00ACA574 /* SimpleAudioEngine.m */; };
		841584C114826F4D00ACA574 /* CLScoreServerPost.m in Sources */ = {isa = PBXBuildFile; fileRef = 841584C014826F4D00ACA574 /* CLScoreServerPost.m */; };
		841584C414826F4D00ACA574 /* CLScoreServerRequest.m in Sources */ = {isa = PBXBuildFile; fileRef = 841584C314826F4D00ACA574 /* CLScoreServerRequest.m */; };
		841584C714826F4D00ACA574 /* cocoslive.m in Sources */ = {isa = PBXBuildFile; fileRef = 841584C614826F4D00ACA574 /* cocoslive.m */; };
		841584CC14826F4D00ACA574 /* CDataScanner.m in Sources */ = {isa = PBXBuildFile; fileRef = 841584CB14826F4D00ACA574 /* CDataScanner.m */; };
		841584D014826F4D00ACA574 /* CDataScanner_Extensions.m in Sources */ = {isa = PBXBuildFile; fileRef = 841584CF14826F4D00ACA574 /* CDataScanner_Extensions.m */; };
		841584D314826F4D00ACA574 /* NSDictionary_JSONExtensions.m in Sources */ = {isa = PBXBuildFile; fileRef = 841584D214826F4D00ACA574 /* NSDictionary_JSONExtensions.m */; };
		841584D714826F4D00ACA574 /* CJSONDeserializer.m in Sources */ = {isa = PBXBuildFile; fileRef = 841584D614826F4D00ACA574 /* CJSONDeserializer.m */; };
		841584DA14826F4D00ACA574 /* CJSONScanner.m in Sources */ = {isa = PBXBuildFile; fileRef = 841584D914826F4D00ACA574 /* CJSONScanner.m */; };
		841584DD14826F4D00ACA574 /* CJSONSerializer.m in Sources */ = {isa = PBXBuildFile; fileRef = 841584DC14826F4D00ACA574 /* CJSONSerializer.m */; };
		841584E214826F4D00ACA574 /* FontLabel.m in Sources */ = {isa = PBXBuildFile; fileRef = 841584E114826F4D00ACA574 /* FontLabel.m */; };
		841584E514826F4D00ACA574 /* FontLabelStringDrawing.m in Sources */ = {isa = PBXBuildFile; fileRef = 841584E414826F4D00ACA574 /* FontLabelStringDrawing.m */; };
		841584E814826F4D00ACA574 /* FontManager.m in Sources */ = {isa = PBXBuildFile; fileRef = 841584E714826F4D00ACA574 /* FontManager.m */; };
		841584EB14826F4D00ACA574 /* ZAttributedString.m in Sources */ = {isa = PBXBuildFile; fileRef = 841584EA14826F4D00ACA574 /* ZAttributedString.m */; };
		841584EF14826F4D00ACA574 /* ZFont.m in Sources */ = {isa = PBXBuildFile; fileRef = 841584EE14826F4D00ACA574 /* ZFont.m */; };
		841584F414826F4D00ACA574 /* main.m in Sources */ = {isa = PBXBuildFile; fileRef = 841584F314826F4D00ACA574 /* main.m */; };
		841584F714826F4D00ACA574 /* AppDelegate.m in Sources */ = {isa = PBXBuildFile; fileRef = 841584F614826F4D00ACA574 /* AppDelegate.m */; };
		841584FA14826F4D00ACA574 /* RootViewController.m in Sources */ = {isa = PBXBuildFile; fileRef = 841584F914826F4D00ACA574 /* RootViewController.m */; };
		841584FD14826F4D00ACA574 /* HelloWorldLayer.m in Sources */ = {isa = PBXBuildFile; fileRef = 841584FC14826F4D00ACA574 /* HelloWorldLayer.m */; };
/* End PBXBuildFile section */

/* Begin PBXFileReference section */
		8415838C14826F4B00ACA574 /* InnOut.app */ = {isa = PBXFileReference; explicitFileType = wrapper.application; includeInIndex = 0; path = InnOut.app; sourceTree = BUILT_PRODUCTS_DIR; };
		8415839014826F4B00ACA574 /* QuartzCore.framework */ = {isa = PBXFileReference; lastKnownFileType = wrapper.framework; name = QuartzCore.framework; path = System/Library/Frameworks/QuartzCore.framework; sourceTree = SDKROOT; };
		8415839214826F4B00ACA574 /* OpenGLES.framework */ = {isa = PBXFileReference; lastKnownFileType = wrapper.framework; name = OpenGLES.framework; path = System/Library/Frameworks/OpenGLES.framework; sourceTree = SDKROOT; };
		8415839414826F4B00ACA574 /* OpenAL.framework */ = {isa = PBXFileReference; lastKnownFileType = wrapper.framework; name = OpenAL.framework; path = System/Library/Frameworks/OpenAL.framework; sourceTree = SDKROOT; };
		8415839614826F4B00ACA574 /* AudioToolbox.framework */ = {isa = PBXFileReference; lastKnownFileType = wrapper.framework; name = AudioToolbox.framework; path = System/Library/Frameworks/AudioToolbox.framework; sourceTree = SDKROOT; };
		8415839814826F4B00ACA574 /* AVFoundation.framework */ = {isa = PBXFileReference; lastKnownFileType = wrapper.framework; name = AVFoundation.framework; path = System/Library/Frameworks/AVFoundation.framework; sourceTree = SDKROOT; };
		8415839A14826F4B00ACA574 /* UIKit.framework */ = {isa = PBXFileReference; lastKnownFileType = wrapper.framework; name = UIKit.framework; path = System/Library/Frameworks/UIKit.framework; sourceTree = SDKROOT; };
		8415839C14826F4B00ACA574 /* Foundation.framework */ = {isa = PBXFileReference; lastKnownFileType = wrapper.framework; name = Foundation.framework; path = System/Library/Frameworks/Foundation.framework; sourceTree = SDKROOT; };
		8415839E14826F4B00ACA574 /* CoreGraphics.framework */ = {isa = PBXFileReference; lastKnownFileType = wrapper.framework; name = CoreGraphics.framework; path = System/Library/Frameworks/CoreGraphics.framework; sourceTree = SDKROOT; };
		841583A214826F4B00ACA574 /* Default.png */ = {isa = PBXFileReference; lastKnownFileType = image.png; name = Default.png; path = Resources/Default.png; sourceTree = "<group>"; };
		841583A414826F4B00ACA574 /* fps_images.png */ = {isa = PBXFileReference; lastKnownFileType = image.png; name = fps_images.png; path = Resources/fps_images.png; sourceTree = "<group>"; };
		841583A614826F4B00ACA574 /* Icon-72.png */ = {isa = PBXFileReference; lastKnownFileType = image.png; name = "Icon-72.png"; path = "Resources/Icon-72.png"; sourceTree = "<group>"; };
		841583A814826F4B00ACA574 /* Icon-Small-50.png */ = {isa = PBXFileReference; lastKnownFileType = image.png; name = "Icon-Small-50.png"; path = "Resources/Icon-Small-50.png"; sourceTree = "<group>"; };
		841583AA14826F4B00ACA574 /* Icon-Small.png */ = {isa = PBXFileReference; lastKnownFileType = image.png; name = "Icon-Small.png"; path = "Resources/Icon-Small.png"; sourceTree = "<group>"; };
		841583AC14826F4B00ACA574 /* Icon-Small@2x.png */ = {isa = PBXFileReference; lastKnownFileType = image.png; name = "Icon-Small@2x.png"; path = "Resources/Icon-Small@2x.png"; sourceTree = "<group>"; };
		841583AE14826F4B00ACA574 /* Icon.png */ = {isa = PBXFileReference; lastKnownFileType = image.png; name = Icon.png; path = Resources/Icon.png; sourceTree = "<group>"; };
		841583B014826F4B00ACA574 /* Icon@2x.png */ = {isa = PBXFileReference; lastKnownFileType = image.png; name = "Icon@2x.png"; path = "Resources/Icon@2x.png"; sourceTree = "<group>"; };
		841583B214826F4B00ACA574 /* Info.plist */ = {isa = PBXFileReference; name = Info.plist; path = Resources/Info.plist; sourceTree = "<group>"; };
		841583B314826F4B00ACA574 /* iTunesArtwork */ = {isa = PBXFileReference; lastKnownFileType = file; name = iTunesArtwork; path = Resources/iTunesArtwork; sourceTree = "<group>"; };
		841583B714826F4B00ACA574 /* CCAction.h */ = {isa = PBXFileReference; name = CCAction.h; path = libs/cocos2d/CCAction.h; sourceTree = "<group>"; };
		841583B814826F4B00ACA574 /* CCAction.m */ = {isa = PBXFileReference; lastKnownFileType = sourcecode.c.objc; name = CCAction.m; path = libs/cocos2d/CCAction.m; sourceTree = "<group>"; };
		841583BA14826F4B00ACA574 /* CCActionCamera.h */ = {isa = PBXFileReference; name = CCActionCamera.h; path = libs/cocos2d/CCActionCamera.h; sourceTree = "<group>"; };
		841583BB14826F4B00ACA574 /* CCActionCamera.m */ = {isa = PBXFileReference; lastKnownFileType = sourcecode.c.objc; name = CCActionCamera.m; path = libs/cocos2d/CCActionCamera.m; sourceTree = "<group>"; };
		841583BD14826F4B00ACA574 /* CCActionEase.h */ = {isa = PBXFileReference; name = CCActionEase.h; path = libs/cocos2d/CCActionEase.h; sourceTree = "<group>"; };
		841583BE14826F4B00ACA574 /* CCActionEase.m */ = {isa = PBXFileReference; lastKnownFileType = sourcecode.c.objc; name = CCActionEase.m; path = libs/cocos2d/CCActionEase.m; sourceTree = "<group>"; };
		841583C014826F4B00ACA574 /* CCActionGrid.h */ = {isa = PBXFileReference; name = CCActionGrid.h; path = libs/cocos2d/CCActionGrid.h; sourceTree = "<group>"; };
		841583C114826F4B00ACA574 /* CCActionGrid.m */ = {isa = PBXFileReference; lastKnownFileType = sourcecode.c.objc; name = CCActionGrid.m; path = libs/cocos2d/CCActionGrid.m; sourceTree = "<group>"; };
		841583C314826F4B00ACA574 /* CCActionGrid3D.h */ = {isa = PBXFileReference; name = CCActionGrid3D.h; path = libs/cocos2d/CCActionGrid3D.h; sourceTree = "<group>"; };
		841583C414826F4B00ACA574 /* CCActionGrid3D.m */ = {isa = PBXFileReference; lastKnownFileType = sourcecode.c.objc; name = CCActionGrid3D.m; path = libs/cocos2d/CCActionGrid3D.m; sourceTree = "<group>"; };
		841583C614826F4B00ACA574 /* CCActionInstant.h */ = {isa = PBXFileReference; name = CCActionInstant.h; path = libs/cocos2d/CCActionInstant.h; sourceTree = "<group>"; };
		841583C714826F4B00ACA574 /* CCActionInstant.m */ = {isa = PBXFileReference; lastKnownFileType = sourcecode.c.objc; name = CCActionInstant.m; path = libs/cocos2d/CCActionInstant.m; sourceTree = "<group>"; };
		841583C914826F4B00ACA574 /* CCActionInterval.h */ = {isa = PBXFileReference; name = CCActionInterval.h; path = libs/cocos2d/CCActionInterval.h; sourceTree = "<group>"; };
		841583CA14826F4B00ACA574 /* CCActionInterval.m */ = {isa = PBXFileReference; lastKnownFileType = sourcecode.c.objc; name = CCActionInterval.m; path = libs/cocos2d/CCActionInterval.m; sourceTree = "<group>"; };
		841583CC14826F4B00ACA574 /* CCActionManager.h */ = {isa = PBXFileReference; name = CCActionManager.h; path = libs/cocos2d/CCActionManager.h; sourceTree = "<group>"; };
		841583CD14826F4B00ACA574 /* CCActionManager.m */ = {isa = PBXFileReference; lastKnownFileType = sourcecode.c.objc; name = CCActionManager.m; path = libs/cocos2d/CCActionManager.m; sourceTree = "<group>"; };
		841583CF14826F4B00ACA574 /* CCActionPageTurn3D.h */ = {isa = PBXFileReference; name = CCActionPageTurn3D.h; path = libs/cocos2d/CCActionPageTurn3D.h; sourceTree = "<group>"; };
		841583D014826F4B00ACA574 /* CCActionPageTurn3D.m */ = {isa = PBXFileReference; lastKnownFileType = sourcecode.c.objc; name = CCActionPageTurn3D.m; path = libs/cocos2d/CCActionPageTurn3D.m; sourceTree = "<group>"; };
		841583D214826F4B00ACA574 /* CCActionProgressTimer.h */ = {isa = PBXFileReference; name = CCActionProgressTimer.h; path = libs/cocos2d/CCActionProgressTimer.h; sourceTree = "<group>"; };
		841583D314826F4B00ACA574 /* CCActionProgressTimer.m */ = {isa = PBXFileReference; lastKnownFileType = sourcecode.c.objc; name = CCActionProgressTimer.m; path = libs/cocos2d/CCActionProgressTimer.m; sourceTree = "<group>"; };
		841583D514826F4B00ACA574 /* CCActionTiledGrid.h */ = {isa = PBXFileReference; name = CCActionTiledGrid.h; path = libs/cocos2d/CCActionTiledGrid.h; sourceTree = "<group>"; };
		841583D614826F4B00ACA574 /* CCActionTiledGrid.m */ = {isa = PBXFileReference; lastKnownFileType = sourcecode.c.objc; name = CCActionTiledGrid.m; path = libs/cocos2d/CCActionTiledGrid.m; sourceTree = "<group>"; };
		841583D814826F4B00ACA574 /* CCActionTween.h */ = {isa = PBXFileReference; name = CCActionTween.h; path = libs/cocos2d/CCActionTween.h; sourceTree = "<group>"; };
		841583D914826F4B00ACA574 /* CCActionTween.m */ = {isa = PBXFileReference; lastKnownFileType = sourcecode.c.objc; name = CCActionTween.m; path = libs/cocos2d/CCActionTween.m; sourceTree = "<group>"; };
		841583DB14826F4B00ACA574 /* CCAnimation.h */ = {isa = PBXFileReference; name = CCAnimation.h; path = libs/cocos2d/CCAnimation.h; sourceTree = "<group>"; };
		841583DC14826F4B00ACA574 /* CCAnimation.m */ = {isa = PBXFileReference; lastKnownFileType = sourcecode.c.objc; name = CCAnimation.m; path = libs/cocos2d/CCAnimation.m; sourceTree = "<group>"; };
		841583DE14826F4B00ACA574 /* CCAnimationCache.h */ = {isa = PBXFileReference; name = CCAnimationCache.h; path = libs/cocos2d/CCAnimationCache.h; sourceTree = "<group>"; };
		841583DF14826F4B00ACA574 /* CCAnimationCache.m */ = {isa = PBXFileReference; lastKnownFileType = sourcecode.c.objc; name = CCAnimationCache.m; path = libs/cocos2d/CCAnimationCache.m; sourceTree = "<group>"; };
		841583E114826F4B00ACA574 /* CCAtlasNode.h */ = {isa = PBXFileReference; name = CCAtlasNode.h; path = libs/cocos2d/CCAtlasNode.h; sourceTree = "<group>"; };
		841583E214826F4B00ACA574 /* CCAtlasNode.m */ = {isa = PBXFileReference; lastKnownFileType = sourcecode.c.objc; name = CCAtlasNode.m; path = libs/cocos2d/CCAtlasNode.m; sourceTree = "<group>"; };
		841583E414826F4B00ACA574 /* CCBlockSupport.h */ = {isa = PBXFileReference; name = CCBlockSupport.h; path = libs/cocos2d/CCBlockSupport.h; sourceTree = "<group>"; };
		841583E514826F4B00ACA574 /* CCBlockSupport.m */ = {isa = PBXFileReference; lastKnownFileType = sourcecode.c.objc; name = CCBlockSupport.m; path = libs/cocos2d/CCBlockSupport.m; sourceTree = "<group>"; };
		841583E714826F4B00ACA574 /* CCCamera.h */ = {isa = PBXFileReference; name = CCCamera.h; path = libs/cocos2d/CCCamera.h; sourceTree = "<group>"; };
		841583E814826F4B00ACA574 /* CCCamera.m */ = {isa = PBXFileReference; lastKnownFileType = sourcecode.c.objc; name = CCCamera.m; path = libs/cocos2d/CCCamera.m; sourceTree = "<group>"; };
		841583EA14826F4B00ACA574 /* ccConfig.h */ = {isa = PBXFileReference; name = ccConfig.h; path = libs/cocos2d/ccConfig.h; sourceTree = "<group>"; };
		841583EB14826F4B00ACA574 /* CCConfiguration.h */ = {isa = PBXFileReference; name = CCConfiguration.h; path = libs/cocos2d/CCConfiguration.h; sourceTree = "<group>"; };
		841583EC14826F4B00ACA574 /* CCConfiguration.m */ = {isa = PBXFileReference; lastKnownFileType = sourcecode.c.objc; name = CCConfiguration.m; path = libs/cocos2d/CCConfiguration.m; sourceTree = "<group>"; };
		841583EE14826F4B00ACA574 /* CCDirector.h */ = {isa = PBXFileReference; name = CCDirector.h; path = libs/cocos2d/CCDirector.h; sourceTree = "<group>"; };
		841583EF14826F4B00ACA574 /* CCDirector.m */ = {isa = PBXFileReference; lastKnownFileType = sourcecode.c.objc; name = CCDirector.m; path = libs/cocos2d/CCDirector.m; sourceTree = "<group>"; };
		841583F114826F4B00ACA574 /* CCDrawingPrimitives.h */ = {isa = PBXFileReference; name = CCDrawingPrimitives.h; path = libs/cocos2d/CCDrawingPrimitives.h; sourceTree = "<group>"; };
		841583F214826F4B00ACA574 /* CCDrawingPrimitives.m */ = {isa = PBXFileReference; lastKnownFileType = sourcecode.c.objc; name = CCDrawingPrimitives.m; path = libs/cocos2d/CCDrawingPrimitives.m; sourceTree = "<group>"; };
		841583F414826F4B00ACA574 /* CCGrabber.h */ = {isa = PBXFileReference; name = CCGrabber.h; path = libs/cocos2d/CCGrabber.h; sourceTree = "<group>"; };
		841583F514826F4B00ACA574 /* CCGrabber.m */ = {isa = PBXFileReference; lastKnownFileType = sourcecode.c.objc; name = CCGrabber.m; path = libs/cocos2d/CCGrabber.m; sourceTree = "<group>"; };
		841583F714826F4B00ACA574 /* CCGrid.h */ = {isa = PBXFileReference; name = CCGrid.h; path = libs/cocos2d/CCGrid.h; sourceTree = "<group>"; };
		841583F814826F4C00ACA574 /* CCGrid.m */ = {isa = PBXFileReference; lastKnownFileType = sourcecode.c.objc; name = CCGrid.m; path = libs/cocos2d/CCGrid.m; sourceTree = "<group>"; };
		841583FA14826F4C00ACA574 /* CCLabelAtlas.h */ = {isa = PBXFileReference; name = CCLabelAtlas.h; path = libs/cocos2d/CCLabelAtlas.h; sourceTree = "<group>"; };
		841583FB14826F4C00ACA574 /* CCLabelAtlas.m */ = {isa = PBXFileReference; lastKnownFileType = sourcecode.c.objc; name = CCLabelAtlas.m; path = libs/cocos2d/CCLabelAtlas.m; sourceTree = "<group>"; };
		841583FD14826F4C00ACA574 /* CCLabelBMFont.h */ = {isa = PBXFileReference; name = CCLabelBMFont.h; path = libs/cocos2d/CCLabelBMFont.h; sourceTree = "<group>"; };
		841583FE14826F4C00ACA574 /* CCLabelBMFont.m */ = {isa = PBXFileReference; lastKnownFileType = sourcecode.c.objc; name = CCLabelBMFont.m; path = libs/cocos2d/CCLabelBMFont.m; sourceTree = "<group>"; };
		8415840014826F4C00ACA574 /* CCLabelTTF.h */ = {isa = PBXFileReference; name = CCLabelTTF.h; path = libs/cocos2d/CCLabelTTF.h; sourceTree = "<group>"; };
		8415840114826F4C00ACA574 /* CCLabelTTF.m */ = {isa = PBXFileReference; lastKnownFileType = sourcecode.c.objc; name = CCLabelTTF.m; path = libs/cocos2d/CCLabelTTF.m; sourceTree = "<group>"; };
		8415840314826F4C00ACA574 /* CCLayer.h */ = {isa = PBXFileReference; name = CCLayer.h; path = libs/cocos2d/CCLayer.h; sourceTree = "<group>"; };
		8415840414826F4C00ACA574 /* CCLayer.m */ = {isa = PBXFileReference; lastKnownFileType = sourcecode.c.objc; name = CCLayer.m; path = libs/cocos2d/CCLayer.m; sourceTree = "<group>"; };
		8415840614826F4C00ACA574 /* ccMacros.h */ = {isa = PBXFileReference; name = ccMacros.h; path = libs/cocos2d/ccMacros.h; sourceTree = "<group>"; };
		8415840714826F4C00ACA574 /* CCMenu.h */ = {isa = PBXFileReference; name = CCMenu.h; path = libs/cocos2d/CCMenu.h; sourceTree = "<group>"; };
		8415840814826F4C00ACA574 /* CCMenu.m */ = {isa = PBXFileReference; lastKnownFileType = sourcecode.c.objc; name = CCMenu.m; path = libs/cocos2d/CCMenu.m; sourceTree = "<group>"; };
		8415840A14826F4C00ACA574 /* CCMenuItem.h */ = {isa = PBXFileReference; name = CCMenuItem.h; path = libs/cocos2d/CCMenuItem.h; sourceTree = "<group>"; };
		8415840B14826F4C00ACA574 /* CCMenuItem.m */ = {isa = PBXFileReference; lastKnownFileType = sourcecode.c.objc; name = CCMenuItem.m; path = libs/cocos2d/CCMenuItem.m; sourceTree = "<group>"; };
		8415840D14826F4C00ACA574 /* CCMotionStreak.h */ = {isa = PBXFileReference; name = CCMotionStreak.h; path = libs/cocos2d/CCMotionStreak.h; sourceTree = "<group>"; };
		8415840E14826F4C00ACA574 /* CCMotionStreak.m */ = {isa = PBXFileReference; lastKnownFileType = sourcecode.c.objc; name = CCMotionStreak.m; path = libs/cocos2d/CCMotionStreak.m; sourceTree = "<group>"; };
		8415841014826F4C00ACA574 /* CCNode.h */ = {isa = PBXFileReference; name = CCNode.h; path = libs/cocos2d/CCNode.h; sourceTree = "<group>"; };
		8415841114826F4C00ACA574 /* CCNode.m */ = {isa = PBXFileReference; lastKnownFileType = sourcecode.c.objc; name = CCNode.m; path = libs/cocos2d/CCNode.m; sourceTree = "<group>"; };
		8415841314826F4C00ACA574 /* CCParallaxNode.h */ = {isa = PBXFileReference; name = CCParallaxNode.h; path = libs/cocos2d/CCParallaxNode.h; sourceTree = "<group>"; };
		8415841414826F4C00ACA574 /* CCParallaxNode.m */ = {isa = PBXFileReference; lastKnownFileType = sourcecode.c.objc; name = CCParallaxNode.m; path = libs/cocos2d/CCParallaxNode.m; sourceTree = "<group>"; };
		8415841614826F4C00ACA574 /* CCParticleBatchNode.h */ = {isa = PBXFileReference; name = CCParticleBatchNode.h; path = libs/cocos2d/CCParticleBatchNode.h; sourceTree = "<group>"; };
		8415841714826F4C00ACA574 /* CCParticleBatchNode.m */ = {isa = PBXFileReference; lastKnownFileType = sourcecode.c.objc; name = CCParticleBatchNode.m; path = libs/cocos2d/CCParticleBatchNode.m; sourceTree = "<group>"; };
		8415841914826F4C00ACA574 /* CCParticleExamples.h */ = {isa = PBXFileReference; name = CCParticleExamples.h; path = libs/cocos2d/CCParticleExamples.h; sourceTree = "<group>"; };
		8415841A14826F4C00ACA574 /* CCParticleExamples.m */ = {isa = PBXFileReference; lastKnownFileType = sourcecode.c.objc; name = CCParticleExamples.m; path = libs/cocos2d/CCParticleExamples.m; sourceTree = "<group>"; };
		8415841C14826F4C00ACA574 /* CCParticleSystem.h */ = {isa = PBXFileReference; name = CCParticleSystem.h; path = libs/cocos2d/CCParticleSystem.h; sourceTree = "<group>"; };
		8415841D14826F4C00ACA574 /* CCParticleSystem.m */ = {isa = PBXFileReference; lastKnownFileType = sourcecode.c.objc; name = CCParticleSystem.m; path = libs/cocos2d/CCParticleSystem.m; sourceTree = "<group>"; };
		8415841F14826F4C00ACA574 /* CCParticleSystemPoint.h */ = {isa = PBXFileReference; name = CCParticleSystemPoint.h; path = libs/cocos2d/CCParticleSystemPoint.h; sourceTree = "<group>"; };
		8415842014826F4C00ACA574 /* CCParticleSystemPoint.m */ = {isa = PBXFileReference; lastKnownFileType = sourcecode.c.objc; name = CCParticleSystemPoint.m; path = libs/cocos2d/CCParticleSystemPoint.m; sourceTree = "<group>"; };
		8415842214826F4C00ACA574 /* CCParticleSystemQuad.h */ = {isa = PBXFileReference; name = CCParticleSystemQuad.h; path = libs/cocos2d/CCParticleSystemQuad.h; sourceTree = "<group>"; };
		8415842314826F4C00ACA574 /* CCParticleSystemQuad.m */ = {isa = PBXFileReference; lastKnownFileType = sourcecode.c.objc; name = CCParticleSystemQuad.m; path = libs/cocos2d/CCParticleSystemQuad.m; sourceTree = "<group>"; };
		8415842514826F4C00ACA574 /* CCProgressTimer.h */ = {isa = PBXFileReference; name = CCProgressTimer.h; path = libs/cocos2d/CCProgressTimer.h; sourceTree = "<group>"; };
		8415842614826F4C00ACA574 /* CCProgressTimer.m */ = {isa = PBXFileReference; lastKnownFileType = sourcecode.c.objc; name = CCProgressTimer.m; path = libs/cocos2d/CCProgressTimer.m; sourceTree = "<group>"; };
		8415842814826F4C00ACA574 /* CCProtocols.h */ = {isa = PBXFileReference; name = CCProtocols.h; path = libs/cocos2d/CCProtocols.h; sourceTree = "<group>"; };
		8415842914826F4C00ACA574 /* CCRenderTexture.h */ = {isa = PBXFileReference; name = CCRenderTexture.h; path = libs/cocos2d/CCRenderTexture.h; sourceTree = "<group>"; };
		8415842A14826F4C00ACA574 /* CCRenderTexture.m */ = {isa = PBXFileReference; lastKnownFileType = sourcecode.c.objc; name = CCRenderTexture.m; path = libs/cocos2d/CCRenderTexture.m; sourceTree = "<group>"; };
		8415842C14826F4C00ACA574 /* CCRibbon.h */ = {isa = PBXFileReference; name = CCRibbon.h; path = libs/cocos2d/CCRibbon.h; sourceTree = "<group>"; };
		8415842D14826F4C00ACA574 /* CCRibbon.m */ = {isa = PBXFileReference; lastKnownFileType = sourcecode.c.objc; name = CCRibbon.m; path = libs/cocos2d/CCRibbon.m; sourceTree = "<group>"; };
		8415842F14826F4C00ACA574 /* CCScene.h */ = {isa = PBXFileReference; name = CCScene.h; path = libs/cocos2d/CCScene.h; sourceTree = "<group>"; };
		8415843014826F4C00ACA574 /* CCScene.m */ = {isa = PBXFileReference; lastKnownFileType = sourcecode.c.objc; name = CCScene.m; path = libs/cocos2d/CCScene.m; sourceTree = "<group>"; };
		8415843214826F4C00ACA574 /* CCScheduler.h */ = {isa = PBXFileReference; name = CCScheduler.h; path = libs/cocos2d/CCScheduler.h; sourceTree = "<group>"; };
		8415843314826F4C00ACA574 /* CCScheduler.m */ = {isa = PBXFileReference; lastKnownFileType = sourcecode.c.objc; name = CCScheduler.m; path = libs/cocos2d/CCScheduler.m; sourceTree = "<group>"; };
		8415843514826F4C00ACA574 /* CCSprite.h */ = {isa = PBXFileReference; name = CCSprite.h; path = libs/cocos2d/CCSprite.h; sourceTree = "<group>"; };
		8415843614826F4C00ACA574 /* CCSprite.m */ = {isa = PBXFileReference; lastKnownFileType = sourcecode.c.objc; name = CCSprite.m; path = libs/cocos2d/CCSprite.m; sourceTree = "<group>"; };
		8415843814826F4C00ACA574 /* CCSpriteBatchNode.h */ = {isa = PBXFileReference; name = CCSpriteBatchNode.h; path = libs/cocos2d/CCSpriteBatchNode.h; sourceTree = "<group>"; };
		8415843914826F4C00ACA574 /* CCSpriteBatchNode.m */ = {isa = PBXFileReference; lastKnownFileType = sourcecode.c.objc; name = CCSpriteBatchNode.m; path = libs/cocos2d/CCSpriteBatchNode.m; sourceTree = "<group>"; };
		8415843B14826F4C00ACA574 /* CCSpriteFrame.h */ = {isa = PBXFileReference; name = CCSpriteFrame.h; path = libs/cocos2d/CCSpriteFrame.h; sourceTree = "<group>"; };
		8415843C14826F4C00ACA574 /* CCSpriteFrame.m */ = {isa = PBXFileReference; lastKnownFileType = sourcecode.c.objc; name = CCSpriteFrame.m; path = libs/cocos2d/CCSpriteFrame.m; sourceTree = "<group>"; };
		8415843E14826F4C00ACA574 /* CCSpriteFrameCache.h */ = {isa = PBXFileReference; name = CCSpriteFrameCache.h; path = libs/cocos2d/CCSpriteFrameCache.h; sourceTree = "<group>"; };
		8415843F14826F4C00ACA574 /* CCSpriteFrameCache.m */ = {isa = PBXFileReference; lastKnownFileType = sourcecode.c.objc; name = CCSpriteFrameCache.m; path = libs/cocos2d/CCSpriteFrameCache.m; sourceTree = "<group>"; };
		8415844114826F4C00ACA574 /* CCTexture2D.h */ = {isa = PBXFileReference; name = CCTexture2D.h; path = libs/cocos2d/CCTexture2D.h; sourceTree = "<group>"; };
		8415844214826F4C00ACA574 /* CCTexture2D.m */ = {isa = PBXFileReference; lastKnownFileType = sourcecode.c.objc; name = CCTexture2D.m; path = libs/cocos2d/CCTexture2D.m; sourceTree = "<group>"; };
		8415844414826F4C00ACA574 /* CCTextureAtlas.h */ = {isa = PBXFileReference; name = CCTextureAtlas.h; path = libs/cocos2d/CCTextureAtlas.h; sourceTree = "<group>"; };
		8415844514826F4C00ACA574 /* CCTextureAtlas.m */ = {isa = PBXFileReference; lastKnownFileType = sourcecode.c.objc; name = CCTextureAtlas.m; path = libs/cocos2d/CCTextureAtlas.m; sourceTree = "<group>"; };
		8415844714826F4C00ACA574 /* CCTextureCache.h */ = {isa = PBXFileReference; name = CCTextureCache.h; path = libs/cocos2d/CCTextureCache.h; sourceTree = "<group>"; };
		8415844814826F4C00ACA574 /* CCTextureCache.m */ = {isa = PBXFileReference; lastKnownFileType = sourcecode.c.objc; name = CCTextureCache.m; path = libs/cocos2d/CCTextureCache.m; sourceTree = "<group>"; };
		8415844A14826F4C00ACA574 /* CCTexturePVR.h */ = {isa = PBXFileReference; name = CCTexturePVR.h; path = libs/cocos2d/CCTexturePVR.h; sourceTree = "<group>"; };
		8415844B14826F4C00ACA574 /* CCTexturePVR.m */ = {isa = PBXFileReference; lastKnownFileType = sourcecode.c.objc; name = CCTexturePVR.m; path = libs/cocos2d/CCTexturePVR.m; sourceTree = "<group>"; };
		8415844D14826F4C00ACA574 /* CCTileMapAtlas.h */ = {isa = PBXFileReference; name = CCTileMapAtlas.h; path = libs/cocos2d/CCTileMapAtlas.h; sourceTree = "<group>"; };
		8415844E14826F4C00ACA574 /* CCTileMapAtlas.m */ = {isa = PBXFileReference; lastKnownFileType = sourcecode.c.objc; name = CCTileMapAtlas.m; path = libs/cocos2d/CCTileMapAtlas.m; sourceTree = "<group>"; };
		8415845014826F4C00ACA574 /* CCTMXLayer.h */ = {isa = PBXFileReference; name = CCTMXLayer.h; path = libs/cocos2d/CCTMXLayer.h; sourceTree = "<group>"; };
		8415845114826F4C00ACA574 /* CCTMXLayer.m */ = {isa = PBXFileReference; lastKnownFileType = sourcecode.c.objc; name = CCTMXLayer.m; path = libs/cocos2d/CCTMXLayer.m; sourceTree = "<group>"; };
		8415845314826F4C00ACA574 /* CCTMXObjectGroup.h */ = {isa = PBXFileReference; name = CCTMXObjectGroup.h; path = libs/cocos2d/CCTMXObjectGroup.h; sourceTree = "<group>"; };
		8415845414826F4C00ACA574 /* CCTMXObjectGroup.m */ = {isa = PBXFileReference; lastKnownFileType = sourcecode.c.objc; name = CCTMXObjectGroup.m; path = libs/cocos2d/CCTMXObjectGroup.m; sourceTree = "<group>"; };
		8415845614826F4C00ACA574 /* CCTMXTiledMap.h */ = {isa = PBXFileReference; name = CCTMXTiledMap.h; path = libs/cocos2d/CCTMXTiledMap.h; sourceTree = "<group>"; };
		8415845714826F4C00ACA574 /* CCTMXTiledMap.m */ = {isa = PBXFileReference; lastKnownFileType = sourcecode.c.objc; name = CCTMXTiledMap.m; path = libs/cocos2d/CCTMXTiledMap.m; sourceTree = "<group>"; };
		8415845914826F4C00ACA574 /* CCTMXXMLParser.h */ = {isa = PBXFileReference; name = CCTMXXMLParser.h; path = libs/cocos2d/CCTMXXMLParser.h; sourceTree = "<group>"; };
		8415845A14826F4C00ACA574 /* CCTMXXMLParser.m */ = {isa = PBXFileReference; lastKnownFileType = sourcecode.c.objc; name = CCTMXXMLParser.m; path = libs/cocos2d/CCTMXXMLParser.m; sourceTree = "<group>"; };
		8415845C14826F4C00ACA574 /* CCTransition.h */ = {isa = PBXFileReference; name = CCTransition.h; path = libs/cocos2d/CCTransition.h; sourceTree = "<group>"; };
		8415845D14826F4C00ACA574 /* CCTransition.m */ = {isa = PBXFileReference; lastKnownFileType = sourcecode.c.objc; name = CCTransition.m; path = libs/cocos2d/CCTransition.m; sourceTree = "<group>"; };
		8415845F14826F4C00ACA574 /* CCTransitionPageTurn.h */ = {isa = PBXFileReference; name = CCTransitionPageTurn.h; path = libs/cocos2d/CCTransitionPageTurn.h; sourceTree = "<group>"; };
		8415846014826F4C00ACA574 /* CCTransitionPageTurn.m */ = {isa = PBXFileReference; lastKnownFileType = sourcecode.c.objc; name = CCTransitionPageTurn.m; path = libs/cocos2d/CCTransitionPageTurn.m; sourceTree = "<group>"; };
		8415846214826F4C00ACA574 /* CCTransitionRadial.h */ = {isa = PBXFileReference; name = CCTransitionRadial.h; path = libs/cocos2d/CCTransitionRadial.h; sourceTree = "<group>"; };
		8415846314826F4C00ACA574 /* CCTransitionRadial.m */ = {isa = PBXFileReference; lastKnownFileType = sourcecode.c.objc; name = CCTransitionRadial.m; path = libs/cocos2d/CCTransitionRadial.m; sourceTree = "<group>"; };
		8415846514826F4C00ACA574 /* ccTypes.h */ = {isa = PBXFileReference; name = ccTypes.h; path = libs/cocos2d/ccTypes.h; sourceTree = "<group>"; };
		8415846614826F4C00ACA574 /* cocos2d.h */ = {isa = PBXFileReference; name = cocos2d.h; path = libs/cocos2d/cocos2d.h; sourceTree = "<group>"; };
		8415846714826F4C00ACA574 /* cocos2d.m */ = {isa = PBXFileReference; lastKnownFileType = sourcecode.c.objc; name = cocos2d.m; path = libs/cocos2d/cocos2d.m; sourceTree = "<group>"; };
		8415846A14826F4C00ACA574 /* CCGL.h */ = {isa = PBXFileReference; name = CCGL.h; path = libs/cocos2d/Platforms/CCGL.h; sourceTree = "<group>"; };
		8415846B14826F4C00ACA574 /* CCNS.h */ = {isa = PBXFileReference; name = CCNS.h; path = libs/cocos2d/Platforms/CCNS.h; sourceTree = "<group>"; };
		8415846D14826F4C00ACA574 /* CCDirectorIOS.h */ = {isa = PBXFileReference; name = CCDirectorIOS.h; path = libs/cocos2d/Platforms/iOS/CCDirectorIOS.h; sourceTree = "<group>"; };
		8415846E14826F4C00ACA574 /* CCDirectorIOS.m */ = {isa = PBXFileReference; lastKnownFileType = sourcecode.c.objc; name = CCDirectorIOS.m; path = libs/cocos2d/Platforms/iOS/CCDirectorIOS.m; sourceTree = "<group>"; };
		8415847014826F4C00ACA574 /* CCTouchDelegateProtocol.h */ = {isa = PBXFileReference; name = CCTouchDelegateProtocol.h; path = libs/cocos2d/Platforms/iOS/CCTouchDelegateProtocol.h; sourceTree = "<group>"; };
		8415847114826F4C00ACA574 /* CCTouchDispatcher.h */ = {isa = PBXFileReference; name = CCTouchDispatcher.h; path = libs/cocos2d/Platforms/iOS/CCTouchDispatcher.h; sourceTree = "<group>"; };
		8415847214826F4C00ACA574 /* CCTouchDispatcher.m */ = {isa = PBXFileReference; lastKnownFileType = sourcecode.c.objc; name = CCTouchDispatcher.m; path = libs/cocos2d/Platforms/iOS/CCTouchDispatcher.m; sourceTree = "<group>"; };
		8415847414826F4C00ACA574 /* CCTouchHandler.h */ = {isa = PBXFileReference; name = CCTouchHandler.h; path = libs/cocos2d/Platforms/iOS/CCTouchHandler.h; sourceTree = "<group>"; };
		8415847514826F4C00ACA574 /* CCTouchHandler.m */ = {isa = PBXFileReference; lastKnownFileType = sourcecode.c.objc; name = CCTouchHandler.m; path = libs/cocos2d/Platforms/iOS/CCTouchHandler.m; sourceTree = "<group>"; };
		8415847714826F4C00ACA574 /* EAGLView.h */ = {isa = PBXFileReference; name = EAGLView.h; path = libs/cocos2d/Platforms/iOS/EAGLView.h; sourceTree = "<group>"; };
		8415847814826F4C00ACA574 /* EAGLView.m */ = {isa = PBXFileReference; lastKnownFileType = sourcecode.c.objc; name = EAGLView.m; path = libs/cocos2d/Platforms/iOS/EAGLView.m; sourceTree = "<group>"; };
		8415847A14826F4C00ACA574 /* ES1Renderer.h */ = {isa = PBXFileReference; name = ES1Renderer.h; path = libs/cocos2d/Platforms/iOS/ES1Renderer.h; sourceTree = "<group>"; };
		8415847B14826F4C00ACA574 /* ES1Renderer.m */ = {isa = PBXFileReference; lastKnownFileType = sourcecode.c.objc; name = ES1Renderer.m; path = libs/cocos2d/Platforms/iOS/ES1Renderer.m; sourceTree = "<group>"; };
		8415847D14826F4C00ACA574 /* ESRenderer.h */ = {isa = PBXFileReference; name = ESRenderer.h; path = libs/cocos2d/Platforms/iOS/ESRenderer.h; sourceTree = "<group>"; };
		8415847E14826F4C00ACA574 /* glu.c */ = {isa = PBXFileReference; lastKnownFileType = sourcecode.c.c; name = glu.c; path = libs/cocos2d/Platforms/iOS/glu.c; sourceTree = "<group>"; };
		8415848014826F4C00ACA574 /* glu.h */ = {isa = PBXFileReference; name = glu.h; path = libs/cocos2d/Platforms/iOS/glu.h; sourceTree = "<group>"; };
		8415848214826F4C00ACA574 /* CCDirectorMac.h */ = {isa = PBXFileReference; name = CCDirectorMac.h; path = libs/cocos2d/Platforms/Mac/CCDirectorMac.h; sourceTree = "<group>"; };
		8415848314826F4C00ACA574 /* CCDirectorMac.m */ = {isa = PBXFileReference; lastKnownFileType = sourcecode.c.objc; name = CCDirectorMac.m; path = libs/cocos2d/Platforms/Mac/CCDirectorMac.m; sourceTree = "<group>"; };
		8415848514826F4C00ACA574 /* CCEventDispatcher.h */ = {isa = PBXFileReference; name = CCEventDispatcher.h; path = libs/cocos2d/Platforms/Mac/CCEventDispatcher.h; sourceTree = "<group>"; };
		8415848614826F4C00ACA574 /* CCEventDispatcher.m */ = {isa = PBXFileReference; lastKnownFileType = sourcecode.c.objc; name = CCEventDispatcher.m; path = libs/cocos2d/Platforms/Mac/CCEventDispatcher.m; sourceTree = "<group>"; };
		8415848814826F4C00ACA574 /* MacGLView.h */ = {isa = PBXFileReference; name = MacGLView.h; path = libs/cocos2d/Platforms/Mac/MacGLView.h; sourceTree = "<group>"; };
		8415848914826F4C00ACA574 /* MacGLView.m */ = {isa = PBXFileReference; lastKnownFileType = sourcecode.c.objc; name = MacGLView.m; path = libs/cocos2d/Platforms/Mac/MacGLView.m; sourceTree = "<group>"; };
		8415848B14826F4C00ACA574 /* MacWindow.h */ = {isa = PBXFileReference; name = MacWindow.h; path = libs/cocos2d/Platforms/Mac/MacWindow.h; sourceTree = "<group>"; };
		8415848C14826F4C00ACA574 /* MacWindow.m */ = {isa = PBXFileReference; lastKnownFileType = sourcecode.c.objc; name = MacWindow.m; path = libs/cocos2d/Platforms/Mac/MacWindow.m; sourceTree = "<group>"; };
		8415848F14826F4C00ACA574 /* base64.c */ = {isa = PBXFileReference; lastKnownFileType = sourcecode.c.c; name = base64.c; path = libs/cocos2d/Support/base64.c; sourceTree = "<group>"; };
		8415849114826F4C00ACA574 /* base64.h */ = {isa = PBXFileReference; name = base64.h; path = libs/cocos2d/Support/base64.h; sourceTree = "<group>"; };
		8415849214826F4C00ACA574 /* CCArray.h */ = {isa = PBXFileReference; name = CCArray.h; path = libs/cocos2d/Support/CCArray.h; sourceTree = "<group>"; };
		8415849314826F4C00ACA574 /* CCArray.m */ = {isa = PBXFileReference; lastKnownFileType = sourcecode.c.objc; name = CCArray.m; path = libs/cocos2d/Support/CCArray.m; sourceTree = "<group>"; };
		8415849514826F4C00ACA574 /* ccCArray.h */ = {isa = PBXFileReference; name = ccCArray.h; path = libs/cocos2d/Support/ccCArray.h; sourceTree = "<group>"; };
		8415849614826F4C00ACA574 /* CCFileUtils.h */ = {isa = PBXFileReference; name = CCFileUtils.h; path = libs/cocos2d/Support/CCFileUtils.h; sourceTree = "<group>"; };
		8415849714826F4C00ACA574 /* CCFileUtils.m */ = {isa = PBXFileReference; lastKnownFileType = sourcecode.c.objc; name = CCFileUtils.m; path = libs/cocos2d/Support/CCFileUtils.m; sourceTree = "<group>"; };
		8415849914826F4C00ACA574 /* CCProfiling.h */ = {isa = PBXFileReference; name = CCProfiling.h; path = libs/cocos2d/Support/CCProfiling.h; sourceTree = "<group>"; };
		8415849A14826F4C00ACA574 /* CCProfiling.m */ = {isa = PBXFileReference; lastKnownFileType = sourcecode.c.objc; name = CCProfiling.m; path = libs/cocos2d/Support/CCProfiling.m; sourceTree = "<group>"; };
		8415849C14826F4C00ACA574 /* ccUtils.c */ = {isa = PBXFileReference; lastKnownFileType = sourcecode.c.c; name = ccUtils.c; path = libs/cocos2d/Support/ccUtils.c; sourceTree = "<group>"; };
		8415849E14826F4C00ACA574 /* ccUtils.h */ = {isa = PBXFileReference; name = ccUtils.h; path = libs/cocos2d/Support/ccUtils.h; sourceTree = "<group>"; };
		8415849F14826F4C00ACA574 /* CGPointExtension.h */ = {isa = PBXFileReference; name = CGPointExtension.h; path = libs/cocos2d/Support/CGPointExtension.h; sourceTree = "<group>"; };
		841584A014826F4C00ACA574 /* CGPointExtension.m */ = {isa = PBXFileReference; lastKnownFileType = sourcecode.c.objc; name = CGPointExtension.m; path = libs/cocos2d/Support/CGPointExtension.m; sourceTree = "<group>"; };
		841584A214826F4C00ACA574 /* OpenGL_Internal.h */ = {isa = PBXFileReference; name = OpenGL_Internal.h; path = libs/cocos2d/Support/OpenGL_Internal.h; sourceTree = "<group>"; };
		841584A314826F4C00ACA574 /* TGAlib.h */ = {isa = PBXFileReference; name = TGAlib.h; path = libs/cocos2d/Support/TGAlib.h; sourceTree = "<group>"; };
		841584A414826F4C00ACA574 /* TGAlib.m */ = {isa = PBXFileReference; lastKnownFileType = sourcecode.c.objc; name = TGAlib.m; path = libs/cocos2d/Support/TGAlib.m; sourceTree = "<group>"; };
		841584A614826F4C00ACA574 /* TransformUtils.h */ = {isa = PBXFileReference; name = TransformUtils.h; path = libs/cocos2d/Support/TransformUtils.h; sourceTree = "<group>"; };
		841584A714826F4C00ACA574 /* TransformUtils.m */ = {isa = PBXFileReference; lastKnownFileType = sourcecode.c.objc; name = TransformUtils.m; path = libs/cocos2d/Support/TransformUtils.m; sourceTree = "<group>"; };
		841584A914826F4C00ACA574 /* uthash.h */ = {isa = PBXFileReference; name = uthash.h; path = libs/cocos2d/Support/uthash.h; sourceTree = "<group>"; };
		841584AA14826F4C00ACA574 /* utlist.h */ = {isa = PBXFileReference; name = utlist.h; path = libs/cocos2d/Support/utlist.h; sourceTree = "<group>"; };
		841584AB14826F4C00ACA574 /* ZipUtils.h */ = {isa = PBXFileReference; name = ZipUtils.h; path = libs/cocos2d/Support/ZipUtils.h; sourceTree = "<group>"; };
		841584AC14826F4C00ACA574 /* ZipUtils.m */ = {isa = PBXFileReference; lastKnownFileType = sourcecode.c.objc; name = ZipUtils.m; path = libs/cocos2d/Support/ZipUtils.m; sourceTree = "<group>"; };
		841584AE14826F4C00ACA574 /* LICENSE_cocos2d.txt */ = {isa = PBXFileReference; name = LICENSE_cocos2d.txt; path = libs/LICENSE_cocos2d.txt; sourceTree = "<group>"; };
		841584B014826F4C00ACA574 /* CDAudioManager.h */ = {isa = PBXFileReference; name = CDAudioManager.h; path = libs/CocosDenshion/CDAudioManager.h; sourceTree = "<group>"; };
		841584B114826F4C00ACA574 /* CDAudioManager.m */ = {isa = PBXFileReference; lastKnownFileType = sourcecode.c.objc; name = CDAudioManager.m; path = libs/CocosDenshion/CDAudioManager.m; sourceTree = "<group>"; };
		841584B314826F4C00ACA574 /* CDConfig.h */ = {isa = PBXFileReference; name = CDConfig.h; path = libs/CocosDenshion/CDConfig.h; sourceTree = "<group>"; };
		841584B414826F4C00ACA574 /* CDOpenALSupport.h */ = {isa = PBXFileReference; name = CDOpenALSupport.h; path = libs/CocosDenshion/CDOpenALSupport.h; sourceTree = "<group>"; };
		841584B514826F4C00ACA574 /* CDOpenALSupport.m */ = {isa = PBXFileReference; lastKnownFileType = sourcecode.c.objc; name = CDOpenALSupport.m; path = libs/CocosDenshion/CDOpenALSupport.m; sourceTree = "<group>"; };
		841584B714826F4C00ACA574 /* CocosDenshion.h */ = {isa = PBXFileReference; name = CocosDenshion.h; path = libs/CocosDenshion/CocosDenshion.h; sourceTree = "<group>"; };
		841584B814826F4C00ACA574 /* CocosDenshion.m */ = {isa = PBXFileReference; lastKnownFileType = sourcecode.c.objc; name = CocosDenshion.m; path = libs/CocosDenshion/CocosDenshion.m; sourceTree = "<group>"; };
		841584BA14826F4C00ACA574 /* SimpleAudioEngine.h */ = {isa = PBXFileReference; name = SimpleAudioEngine.h; path = libs/CocosDenshion/SimpleAudioEngine.h; sourceTree = "<group>"; };
		841584BB14826F4D00ACA574 /* SimpleAudioEngine.m */ = {isa = PBXFileReference; lastKnownFileType = sourcecode.c.objc; name = SimpleAudioEngine.m; path = libs/CocosDenshion/SimpleAudioEngine.m; sourceTree = "<group>"; };
		841584BD14826F4D00ACA574 /* LICENSE_CocosDenshion.txt */ = {isa = PBXFileReference; name = LICENSE_CocosDenshion.txt; path = libs/LICENSE_CocosDenshion.txt; sourceTree = "<group>"; };
		841584BF14826F4D00ACA574 /* CLScoreServerPost.h */ = {isa = PBXFileReference; name = CLScoreServerPost.h; path = libs/cocoslive/CLScoreServerPost.h; sourceTree = "<group>"; };
		841584C014826F4D00ACA574 /* CLScoreServerPost.m */ = {isa = PBXFileReference; lastKnownFileType = sourcecode.c.objc; name = CLScoreServerPost.m; path = libs/cocoslive/CLScoreServerPost.m; sourceTree = "<group>"; };
		841584C214826F4D00ACA574 /* CLScoreServerRequest.h */ = {isa = PBXFileReference; name = CLScoreServerRequest.h; path = libs/cocoslive/CLScoreServerRequest.h; sourceTree = "<group>"; };
		841584C314826F4D00ACA574 /* CLScoreServerRequest.m */ = {isa = PBXFileReference; lastKnownFileType = sourcecode.c.objc; name = CLScoreServerRequest.m; path = libs/cocoslive/CLScoreServerRequest.m; sourceTree = "<group>"; };
		841584C514826F4D00ACA574 /* cocoslive.h */ = {isa = PBXFileReference; name = cocoslive.h; path = libs/cocoslive/cocoslive.h; sourceTree = "<group>"; };
		841584C614826F4D00ACA574 /* cocoslive.m */ = {isa = PBXFileReference; lastKnownFileType = sourcecode.c.objc; name = cocoslive.m; path = libs/cocoslive/cocoslive.m; sourceTree = "<group>"; };
		841584C814826F4D00ACA574 /* LICENSE_TouchJSON.txt */ = {isa = PBXFileReference; name = LICENSE_TouchJSON.txt; path = libs/LICENSE_TouchJSON.txt; sourceTree = "<group>"; };
		841584CA14826F4D00ACA574 /* CDataScanner.h */ = {isa = PBXFileReference; name = CDataScanner.h; path = libs/TouchJSON/CDataScanner.h; sourceTree = "<group>"; };
		841584CB14826F4D00ACA574 /* CDataScanner.m */ = {isa = PBXFileReference; lastKnownFileType = sourcecode.c.objc; name = CDataScanner.m; path = libs/TouchJSON/CDataScanner.m; sourceTree = "<group>"; };
		841584CE14826F4D00ACA574 /* CDataScanner_Extensions.h */ = {isa = PBXFileReference; name = CDataScanner_Extensions.h; path = libs/TouchJSON/Extensions/CDataScanner_Extensions.h; sourceTree = "<group>"; };
		841584CF14826F4D00ACA574 /* CDataScanner_Extensions.m */ = {isa = PBXFileReference; lastKnownFileType = sourcecode.c.objc; name = CDataScanner_Extensions.m; path = libs/TouchJSON/Extensions/CDataScanner_Extensions.m; sourceTree = "<group>"; };
		841584D114826F4D00ACA574 /* NSDictionary_JSONExtensions.h */ = {isa = PBXFileReference; name = NSDictionary_JSONExtensions.h; path = libs/TouchJSON/Extensions/NSDictionary_JSONExtensions.h; sourceTree = "<group>"; };
		841584D214826F4D00ACA574 /* NSDictionary_JSONExtensions.m */ = {isa = PBXFileReference; lastKnownFileType = sourcecode.c.objc; name = NSDictionary_JSONExtensions.m; path = libs/TouchJSON/Extensions/NSDictionary_JSONExtensions.m; sourceTree = "<group>"; };
		841584D514826F4D00ACA574 /* CJSONDeserializer.h */ = {isa = PBXFileReference; name = CJSONDeserializer.h; path = libs/TouchJSON/JSON/CJSONDeserializer.h; sourceTree = "<group>"; };
		841584D614826F4D00ACA574 /* CJSONDeserializer.m */ = {isa = PBXFileReference; lastKnownFileType = sourcecode.c.objc; name = CJSONDeserializer.m; path = libs/TouchJSON/JSON/CJSONDeserializer.m; sourceTree = "<group>"; };
		841584D814826F4D00ACA574 /* CJSONScanner.h */ = {isa = PBXFileReference; name = CJSONScanner.h; path = libs/TouchJSON/JSON/CJSONScanner.h; sourceTree = "<group>"; };
		841584D914826F4D00ACA574 /* CJSONScanner.m */ = {isa = PBXFileReference; lastKnownFileType = sourcecode.c.objc; name = CJSONScanner.m; path = libs/TouchJSON/JSON/CJSONScanner.m; sourceTree = "<group>"; };
		841584DB14826F4D00ACA574 /* CJSONSerializer.h */ = {isa = PBXFileReference; name = CJSONSerializer.h; path = libs/TouchJSON/JSON/CJSONSerializer.h; sourceTree = "<group>"; };
		841584DC14826F4D00ACA574 /* CJSONSerializer.m */ = {isa = PBXFileReference; lastKnownFileType = sourcecode.c.objc; name = CJSONSerializer.m; path = libs/TouchJSON/JSON/CJSONSerializer.m; sourceTree = "<group>"; };
		841584DE14826F4D00ACA574 /* JSONRepresentation.h */ = {isa = PBXFileReference; name = JSONRepresentation.h; path = libs/TouchJSON/JSON/JSONRepresentation.h; sourceTree = "<group>"; };
		841584E014826F4D00ACA574 /* FontLabel.h */ = {isa = PBXFileReference; name = FontLabel.h; path = libs/FontLabel/FontLabel.h; sourceTree = "<group>"; };
		841584E114826F4D00ACA574 /* FontLabel.m */ = {isa = PBXFileReference; lastKnownFileType = sourcecode.c.objc; name = FontLabel.m; path = libs/FontLabel/FontLabel.m; sourceTree = "<group>"; };
		841584E314826F4D00ACA574 /* FontLabelStringDrawing.h */ = {isa = PBXFileReference; name = FontLabelStringDrawing.h; path = libs/FontLabel/FontLabelStringDrawing.h; sourceTree = "<group>"; };
		841584E414826F4D00ACA574 /* FontLabelStringDrawing.m */ = {isa = PBXFileReference; lastKnownFileType = sourcecode.c.objc; name = FontLabelStringDrawing.m; path = libs/FontLabel/FontLabelStringDrawing.m; sourceTree = "<group>"; };
		841584E614826F4D00ACA574 /* FontManager.h */ = {isa = PBXFileReference; name = FontManager.h; path = libs/FontLabel/FontManager.h; sourceTree = "<group>"; };
		841584E714826F4D00ACA574 /* FontManager.m */ = {isa = PBXFileReference; lastKnownFileType = sourcecode.c.objc; name = FontManager.m; path = libs/FontLabel/FontManager.m; sourceTree = "<group>"; };
		841584E914826F4D00ACA574 /* ZAttributedString.h */ = {isa = PBXFileReference; name = ZAttributedString.h; path = libs/FontLabel/ZAttributedString.h; sourceTree = "<group>"; };
		841584EA14826F4D00ACA574 /* ZAttributedString.m */ = {isa = PBXFileReference; lastKnownFileType = sourcecode.c.objc; name = ZAttributedString.m; path = libs/FontLabel/ZAttributedString.m; sourceTree = "<group>"; };
		841584EC14826F4D00ACA574 /* ZAttributedStringPrivate.h */ = {isa = PBXFileReference; name = ZAttributedStringPrivate.h; path = libs/FontLabel/ZAttributedStringPrivate.h; sourceTree = "<group>"; };
		841584ED14826F4D00ACA574 /* ZFont.h */ = {isa = PBXFileReference; name = ZFont.h; path = libs/FontLabel/ZFont.h; sourceTree = "<group>"; };
		841584EE14826F4D00ACA574 /* ZFont.m */ = {isa = PBXFileReference; lastKnownFileType = sourcecode.c.objc; name = ZFont.m; path = libs/FontLabel/ZFont.m; sourceTree = "<group>"; };
		841584F014826F4D00ACA574 /* LICENSE_FontLabel.txt */ = {isa = PBXFileReference; name = LICENSE_FontLabel.txt; path = libs/LICENSE_FontLabel.txt; sourceTree = "<group>"; };
		841584F214826F4D00ACA574 /* Prefix.pch */ = {isa = PBXFileReference; path = Prefix.pch; sourceTree = "<group>"; };
		841584F314826F4D00ACA574 /* main.m */ = {isa = PBXFileReference; lastKnownFileType = sourcecode.c.objc; path = main.m; sourceTree = "<group>"; };
		841584F514826F4D00ACA574 /* AppDelegate.h */ = {isa = PBXFileReference; path = AppDelegate.h; sourceTree = "<group>"; };
		841584F614826F4D00ACA574 /* AppDelegate.m */ = {isa = PBXFileReference; lastKnownFileType = sourcecode.c.objc; path = AppDelegate.m; sourceTree = "<group>"; };
		841584F814826F4D00ACA574 /* RootViewController.h */ = {isa = PBXFileReference; path = RootViewController.h; sourceTree = "<group>"; };
		841584F914826F4D00ACA574 /* RootViewController.m */ = {isa = PBXFileReference; lastKnownFileType = sourcecode.c.objc; path = RootViewController.m; sourceTree = "<group>"; };
		841584FB14826F4D00ACA574 /* HelloWorldLayer.h */ = {isa = PBXFileReference; path = HelloWorldLayer.h; sourceTree = "<group>"; };
		841584FC14826F4D00ACA574 /* HelloWorldLayer.m */ = {isa = PBXFileReference; lastKnownFileType = sourcecode.c.objc; path = HelloWorldLayer.m; sourceTree = "<group>"; };
		841584FE14826F4D00ACA574 /* GameConfig.h */ = {isa = PBXFileReference; path = GameConfig.h; sourceTree = "<group>"; };
/* End PBXFileReference section */

/* Begin PBXFrameworksBuildPhase section */
		8415838914826F4B00ACA574 /* Frameworks */ = {
			isa = PBXFrameworksBuildPhase;
			buildActionMask = 2147483647;
			files = (
				8415839114826F4B00ACA574 /* QuartzCore.framework in Frameworks */,
				8415839314826F4B00ACA574 /* OpenGLES.framework in Frameworks */,
				8415839514826F4B00ACA574 /* OpenAL.framework in Frameworks */,
				8415839714826F4B00ACA574 /* AudioToolbox.framework in Frameworks */,
				8415839914826F4B00ACA574 /* AVFoundation.framework in Frameworks */,
				8415839B14826F4B00ACA574 /* UIKit.framework in Frameworks */,
				8415839D14826F4B00ACA574 /* Foundation.framework in Frameworks */,
				8415839F14826F4B00ACA574 /* CoreGraphics.framework in Frameworks */,
			);
			runOnlyForDeploymentPostprocessing = 0;
		};
/* End PBXFrameworksBuildPhase section */

/* Begin PBXGroup section */
		8415838114826F4B00ACA574 = {
			isa = PBXGroup;
			children = (
				841583A014826F4B00ACA574 /* InnOut */,
				8415838F14826F4B00ACA574 /* Frameworks */,
				8415838D14826F4B00ACA574 /* Products */,
			);
			sourceTree = "<group>";
		};
		8415838D14826F4B00ACA574 /* Products */ = {
			isa = PBXGroup;
			children = (
				8415838C14826F4B00ACA574 /* InnOut.app */,
			);
			name = Products;
			sourceTree = "<group>";
		};
		8415838F14826F4B00ACA574 /* Frameworks */ = {
			isa = PBXGroup;
			children = (
				8415839014826F4B00ACA574 /* QuartzCore.framework */,
				8415839214826F4B00ACA574 /* OpenGLES.framework */,
				8415839414826F4B00ACA574 /* OpenAL.framework */,
				8415839614826F4B00ACA574 /* AudioToolbox.framework */,
				8415839814826F4B00ACA574 /* AVFoundation.framework */,
				8415839A14826F4B00ACA574 /* UIKit.framework */,
				8415839C14826F4B00ACA574 /* Foundation.framework */,
				8415839E14826F4B00ACA574 /* CoreGraphics.framework */,
			);
			name = Frameworks;
			sourceTree = "<group>";
		};
		841583A014826F4B00ACA574 /* InnOut */ = {
			isa = PBXGroup;
			children = (
				841584F514826F4D00ACA574 /* AppDelegate.h */,
				841584F614826F4D00ACA574 /* AppDelegate.m */,
				841584F814826F4D00ACA574 /* RootViewController.h */,
				841584F914826F4D00ACA574 /* RootViewController.m */,
				841584FB14826F4D00ACA574 /* HelloWorldLayer.h */,
				841584FC14826F4D00ACA574 /* HelloWorldLayer.m */,
				841584FE14826F4D00ACA574 /* GameConfig.h */,
				841583A114826F4B00ACA574 /* Resources */,
				841583B514826F4B00ACA574 /* libs */,
				841584F114826F4D00ACA574 /* Supporting Files */,
			);
			path = InnOut;
			sourceTree = "<group>";
		};
		841583A114826F4B00ACA574 /* Resources */ = {
			isa = PBXGroup;
			children = (
				841583A214826F4B00ACA574 /* Default.png */,
				841583A414826F4B00ACA574 /* fps_images.png */,
				841583A614826F4B00ACA574 /* Icon-72.png */,
				841583A814826F4B00ACA574 /* Icon-Small-50.png */,
				841583AA14826F4B00ACA574 /* Icon-Small.png */,
				841583AC14826F4B00ACA574 /* Icon-Small@2x.png */,
				841583AE14826F4B00ACA574 /* Icon.png */,
				841583B014826F4B00ACA574 /* Icon@2x.png */,
				841583B214826F4B00ACA574 /* Info.plist */,
				841583B314826F4B00ACA574 /* iTunesArtwork */,
			);
			name = Resources;
			sourceTree = "<group>";
		};
		841583B514826F4B00ACA574 /* libs */ = {
			isa = PBXGroup;
			children = (
				841584AE14826F4C00ACA574 /* LICENSE_cocos2d.txt */,
				841584BD14826F4D00ACA574 /* LICENSE_CocosDenshion.txt */,
				841584C814826F4D00ACA574 /* LICENSE_TouchJSON.txt */,
				841584F014826F4D00ACA574 /* LICENSE_FontLabel.txt */,
				841583B614826F4B00ACA574 /* cocos2d */,
				841584AF14826F4C00ACA574 /* CocosDenshion */,
				841584BE14826F4D00ACA574 /* cocoslive */,
				841584C914826F4D00ACA574 /* TouchJSON */,
				841584DF14826F4D00ACA574 /* FontLabel */,
			);
			name = libs;
			sourceTree = "<group>";
		};
		841583B614826F4B00ACA574 /* cocos2d */ = {
			isa = PBXGroup;
			children = (
				841583B714826F4B00ACA574 /* CCAction.h */,
				841583B814826F4B00ACA574 /* CCAction.m */,
				841583BA14826F4B00ACA574 /* CCActionCamera.h */,
				841583BB14826F4B00ACA574 /* CCActionCamera.m */,
				841583BD14826F4B00ACA574 /* CCActionEase.h */,
				841583BE14826F4B00ACA574 /* CCActionEase.m */,
				841583C014826F4B00ACA574 /* CCActionGrid.h */,
				841583C114826F4B00ACA574 /* CCActionGrid.m */,
				841583C314826F4B00ACA574 /* CCActionGrid3D.h */,
				841583C414826F4B00ACA574 /* CCActionGrid3D.m */,
				841583C614826F4B00ACA574 /* CCActionInstant.h */,
				841583C714826F4B00ACA574 /* CCActionInstant.m */,
				841583C914826F4B00ACA574 /* CCActionInterval.h */,
				841583CA14826F4B00ACA574 /* CCActionInterval.m */,
				841583CC14826F4B00ACA574 /* CCActionManager.h */,
				841583CD14826F4B00ACA574 /* CCActionManager.m */,
				841583CF14826F4B00ACA574 /* CCActionPageTurn3D.h */,
				841583D014826F4B00ACA574 /* CCActionPageTurn3D.m */,
				841583D214826F4B00ACA574 /* CCActionProgressTimer.h */,
				841583D314826F4B00ACA574 /* CCActionProgressTimer.m */,
				841583D514826F4B00ACA574 /* CCActionTiledGrid.h */,
				841583D614826F4B00ACA574 /* CCActionTiledGrid.m */,
				841583D814826F4B00ACA574 /* CCActionTween.h */,
				841583D914826F4B00ACA574 /* CCActionTween.m */,
				841583DB14826F4B00ACA574 /* CCAnimation.h */,
				841583DC14826F4B00ACA574 /* CCAnimation.m */,
				841583DE14826F4B00ACA574 /* CCAnimationCache.h */,
				841583DF14826F4B00ACA574 /* CCAnimationCache.m */,
				841583E114826F4B00ACA574 /* CCAtlasNode.h */,
				841583E214826F4B00ACA574 /* CCAtlasNode.m */,
				841583E414826F4B00ACA574 /* CCBlockSupport.h */,
				841583E514826F4B00ACA574 /* CCBlockSupport.m */,
				841583E714826F4B00ACA574 /* CCCamera.h */,
				841583E814826F4B00ACA574 /* CCCamera.m */,
				841583EA14826F4B00ACA574 /* ccConfig.h */,
				841583EB14826F4B00ACA574 /* CCConfiguration.h */,
				841583EC14826F4B00ACA574 /* CCConfiguration.m */,
				841583EE14826F4B00ACA574 /* CCDirector.h */,
				841583EF14826F4B00ACA574 /* CCDirector.m */,
				841583F114826F4B00ACA574 /* CCDrawingPrimitives.h */,
				841583F214826F4B00ACA574 /* CCDrawingPrimitives.m */,
				841583F414826F4B00ACA574 /* CCGrabber.h */,
				841583F514826F4B00ACA574 /* CCGrabber.m */,
				841583F714826F4B00ACA574 /* CCGrid.h */,
				841583F814826F4C00ACA574 /* CCGrid.m */,
				841583FA14826F4C00ACA574 /* CCLabelAtlas.h */,
				841583FB14826F4C00ACA574 /* CCLabelAtlas.m */,
				841583FD14826F4C00ACA574 /* CCLabelBMFont.h */,
				841583FE14826F4C00ACA574 /* CCLabelBMFont.m */,
				8415840014826F4C00ACA574 /* CCLabelTTF.h */,
				8415840114826F4C00ACA574 /* CCLabelTTF.m */,
				8415840314826F4C00ACA574 /* CCLayer.h */,
				8415840414826F4C00ACA574 /* CCLayer.m */,
				8415840614826F4C00ACA574 /* ccMacros.h */,
				8415840714826F4C00ACA574 /* CCMenu.h */,
				8415840814826F4C00ACA574 /* CCMenu.m */,
				8415840A14826F4C00ACA574 /* CCMenuItem.h */,
				8415840B14826F4C00ACA574 /* CCMenuItem.m */,
				8415840D14826F4C00ACA574 /* CCMotionStreak.h */,
				8415840E14826F4C00ACA574 /* CCMotionStreak.m */,
				8415841014826F4C00ACA574 /* CCNode.h */,
				8415841114826F4C00ACA574 /* CCNode.m */,
				8415841314826F4C00ACA574 /* CCParallaxNode.h */,
				8415841414826F4C00ACA574 /* CCParallaxNode.m */,
				8415841614826F4C00ACA574 /* CCParticleBatchNode.h */,
				8415841714826F4C00ACA574 /* CCParticleBatchNode.m */,
				8415841914826F4C00ACA574 /* CCParticleExamples.h */,
				8415841A14826F4C00ACA574 /* CCParticleExamples.m */,
				8415841C14826F4C00ACA574 /* CCParticleSystem.h */,
				8415841D14826F4C00ACA574 /* CCParticleSystem.m */,
				8415841F14826F4C00ACA574 /* CCParticleSystemPoint.h */,
				8415842014826F4C00ACA574 /* CCParticleSystemPoint.m */,
				8415842214826F4C00ACA574 /* CCParticleSystemQuad.h */,
				8415842314826F4C00ACA574 /* CCParticleSystemQuad.m */,
				8415842514826F4C00ACA574 /* CCProgressTimer.h */,
				8415842614826F4C00ACA574 /* CCProgressTimer.m */,
				8415842814826F4C00ACA574 /* CCProtocols.h */,
				8415842914826F4C00ACA574 /* CCRenderTexture.h */,
				8415842A14826F4C00ACA574 /* CCRenderTexture.m */,
				8415842C14826F4C00ACA574 /* CCRibbon.h */,
				8415842D14826F4C00ACA574 /* CCRibbon.m */,
				8415842F14826F4C00ACA574 /* CCScene.h */,
				8415843014826F4C00ACA574 /* CCScene.m */,
				8415843214826F4C00ACA574 /* CCScheduler.h */,
				8415843314826F4C00ACA574 /* CCScheduler.m */,
				8415843514826F4C00ACA574 /* CCSprite.h */,
				8415843614826F4C00ACA574 /* CCSprite.m */,
				8415843814826F4C00ACA574 /* CCSpriteBatchNode.h */,
				8415843914826F4C00ACA574 /* CCSpriteBatchNode.m */,
				8415843B14826F4C00ACA574 /* CCSpriteFrame.h */,
				8415843C14826F4C00ACA574 /* CCSpriteFrame.m */,
				8415843E14826F4C00ACA574 /* CCSpriteFrameCache.h */,
				8415843F14826F4C00ACA574 /* CCSpriteFrameCache.m */,
				8415844114826F4C00ACA574 /* CCTexture2D.h */,
				8415844214826F4C00ACA574 /* CCTexture2D.m */,
				8415844414826F4C00ACA574 /* CCTextureAtlas.h */,
				8415844514826F4C00ACA574 /* CCTextureAtlas.m */,
				8415844714826F4C00ACA574 /* CCTextureCache.h */,
				8415844814826F4C00ACA574 /* CCTextureCache.m */,
				8415844A14826F4C00ACA574 /* CCTexturePVR.h */,
				8415844B14826F4C00ACA574 /* CCTexturePVR.m */,
				8415844D14826F4C00ACA574 /* CCTileMapAtlas.h */,
				8415844E14826F4C00ACA574 /* CCTileMapAtlas.m */,
				8415845014826F4C00ACA574 /* CCTMXLayer.h */,
				8415845114826F4C00ACA574 /* CCTMXLayer.m */,
				8415845314826F4C00ACA574 /* CCTMXObjectGroup.h */,
				8415845414826F4C00ACA574 /* CCTMXObjectGroup.m */,
				8415845614826F4C00ACA574 /* CCTMXTiledMap.h */,
				8415845714826F4C00ACA574 /* CCTMXTiledMap.m */,
				8415845914826F4C00ACA574 /* CCTMXXMLParser.h */,
				8415845A14826F4C00ACA574 /* CCTMXXMLParser.m */,
				8415845C14826F4C00ACA574 /* CCTransition.h */,
				8415845D14826F4C00ACA574 /* CCTransition.m */,
				8415845F14826F4C00ACA574 /* CCTransitionPageTurn.h */,
				8415846014826F4C00ACA574 /* CCTransitionPageTurn.m */,
				8415846214826F4C00ACA574 /* CCTransitionRadial.h */,
				8415846314826F4C00ACA574 /* CCTransitionRadial.m */,
				8415846514826F4C00ACA574 /* ccTypes.h */,
				8415846614826F4C00ACA574 /* cocos2d.h */,
				8415846714826F4C00ACA574 /* cocos2d.m */,
				8415846914826F4C00ACA574 /* Platforms */,
				8415848E14826F4C00ACA574 /* Support */,
			);
			name = cocos2d;
			sourceTree = "<group>";
		};
		8415846914826F4C00ACA574 /* Platforms */ = {
			isa = PBXGroup;
			children = (
				8415846A14826F4C00ACA574 /* CCGL.h */,
				8415846B14826F4C00ACA574 /* CCNS.h */,
				8415846C14826F4C00ACA574 /* iOS */,
				8415848114826F4C00ACA574 /* Mac */,
			);
			name = Platforms;
			sourceTree = "<group>";
		};
		8415846C14826F4C00ACA574 /* iOS */ = {
			isa = PBXGroup;
			children = (
				8415846D14826F4C00ACA574 /* CCDirectorIOS.h */,
				8415846E14826F4C00ACA574 /* CCDirectorIOS.m */,
				8415847014826F4C00ACA574 /* CCTouchDelegateProtocol.h */,
				8415847114826F4C00ACA574 /* CCTouchDispatcher.h */,
				8415847214826F4C00ACA574 /* CCTouchDispatcher.m */,
				8415847414826F4C00ACA574 /* CCTouchHandler.h */,
				8415847514826F4C00ACA574 /* CCTouchHandler.m */,
				8415847714826F4C00ACA574 /* EAGLView.h */,
				8415847814826F4C00ACA574 /* EAGLView.m */,
				8415847A14826F4C00ACA574 /* ES1Renderer.h */,
				8415847B14826F4C00ACA574 /* ES1Renderer.m */,
				8415847D14826F4C00ACA574 /* ESRenderer.h */,
				8415847E14826F4C00ACA574 /* glu.c */,
				8415848014826F4C00ACA574 /* glu.h */,
			);
			name = iOS;
			sourceTree = "<group>";
		};
		8415848114826F4C00ACA574 /* Mac */ = {
			isa = PBXGroup;
			children = (
				8415848214826F4C00ACA574 /* CCDirectorMac.h */,
				8415848314826F4C00ACA574 /* CCDirectorMac.m */,
				8415848514826F4C00ACA574 /* CCEventDispatcher.h */,
				8415848614826F4C00ACA574 /* CCEventDispatcher.m */,
				8415848814826F4C00ACA574 /* MacGLView.h */,
				8415848914826F4C00ACA574 /* MacGLView.m */,
				8415848B14826F4C00ACA574 /* MacWindow.h */,
				8415848C14826F4C00ACA574 /* MacWindow.m */,
			);
			name = Mac;
			sourceTree = "<group>";
		};
		8415848E14826F4C00ACA574 /* Support */ = {
			isa = PBXGroup;
			children = (
				8415848F14826F4C00ACA574 /* base64.c */,
				8415849114826F4C00ACA574 /* base64.h */,
				8415849214826F4C00ACA574 /* CCArray.h */,
				8415849314826F4C00ACA574 /* CCArray.m */,
				8415849514826F4C00ACA574 /* ccCArray.h */,
				8415849614826F4C00ACA574 /* CCFileUtils.h */,
				8415849714826F4C00ACA574 /* CCFileUtils.m */,
				8415849914826F4C00ACA574 /* CCProfiling.h */,
				8415849A14826F4C00ACA574 /* CCProfiling.m */,
				8415849C14826F4C00ACA574 /* ccUtils.c */,
				8415849E14826F4C00ACA574 /* ccUtils.h */,
				8415849F14826F4C00ACA574 /* CGPointExtension.h */,
				841584A014826F4C00ACA574 /* CGPointExtension.m */,
				841584A214826F4C00ACA574 /* OpenGL_Internal.h */,
				841584A314826F4C00ACA574 /* TGAlib.h */,
				841584A414826F4C00ACA574 /* TGAlib.m */,
				841584A614826F4C00ACA574 /* TransformUtils.h */,
				841584A714826F4C00ACA574 /* TransformUtils.m */,
				841584A914826F4C00ACA574 /* uthash.h */,
				841584AA14826F4C00ACA574 /* utlist.h */,
				841584AB14826F4C00ACA574 /* ZipUtils.h */,
				841584AC14826F4C00ACA574 /* ZipUtils.m */,
			);
			name = Support;
			sourceTree = "<group>";
		};
		841584AF14826F4C00ACA574 /* CocosDenshion */ = {
			isa = PBXGroup;
			children = (
				841584B014826F4C00ACA574 /* CDAudioManager.h */,
				841584B114826F4C00ACA574 /* CDAudioManager.m */,
				841584B314826F4C00ACA574 /* CDConfig.h */,
				841584B414826F4C00ACA574 /* CDOpenALSupport.h */,
				841584B514826F4C00ACA574 /* CDOpenALSupport.m */,
				841584B714826F4C00ACA574 /* CocosDenshion.h */,
				841584B814826F4C00ACA574 /* CocosDenshion.m */,
				841584BA14826F4C00ACA574 /* SimpleAudioEngine.h */,
				841584BB14826F4D00ACA574 /* SimpleAudioEngine.m */,
			);
			name = CocosDenshion;
			sourceTree = "<group>";
		};
		841584BE14826F4D00ACA574 /* cocoslive */ = {
			isa = PBXGroup;
			children = (
				841584BF14826F4D00ACA574 /* CLScoreServerPost.h */,
				841584C014826F4D00ACA574 /* CLScoreServerPost.m */,
				841584C214826F4D00ACA574 /* CLScoreServerRequest.h */,
				841584C314826F4D00ACA574 /* CLScoreServerRequest.m */,
				841584C514826F4D00ACA574 /* cocoslive.h */,
				841584C614826F4D00ACA574 /* cocoslive.m */,
			);
			name = cocoslive;
			sourceTree = "<group>";
		};
		841584C914826F4D00ACA574 /* TouchJSON */ = {
			isa = PBXGroup;
			children = (
				841584CA14826F4D00ACA574 /* CDataScanner.h */,
				841584CB14826F4D00ACA574 /* CDataScanner.m */,
				841584CD14826F4D00ACA574 /* Extensions */,
				841584D414826F4D00ACA574 /* JSON */,
			);
			name = TouchJSON;
			sourceTree = "<group>";
		};
		841584CD14826F4D00ACA574 /* Extensions */ = {
			isa = PBXGroup;
			children = (
				841584CE14826F4D00ACA574 /* CDataScanner_Extensions.h */,
				841584CF14826F4D00ACA574 /* CDataScanner_Extensions.m */,
				841584D114826F4D00ACA574 /* NSDictionary_JSONExtensions.h */,
				841584D214826F4D00ACA574 /* NSDictionary_JSONExtensions.m */,
			);
			name = Extensions;
			sourceTree = "<group>";
		};
		841584D414826F4D00ACA574 /* JSON */ = {
			isa = PBXGroup;
			children = (
				841584D514826F4D00ACA574 /* CJSONDeserializer.h */,
				841584D614826F4D00ACA574 /* CJSONDeserializer.m */,
				841584D814826F4D00ACA574 /* CJSONScanner.h */,
				841584D914826F4D00ACA574 /* CJSONScanner.m */,
				841584DB14826F4D00ACA574 /* CJSONSerializer.h */,
				841584DC14826F4D00ACA574 /* CJSONSerializer.m */,
				841584DE14826F4D00ACA574 /* JSONRepresentation.h */,
			);
			name = JSON;
			sourceTree = "<group>";
		};
		841584DF14826F4D00ACA574 /* FontLabel */ = {
			isa = PBXGroup;
			children = (
				841584E014826F4D00ACA574 /* FontLabel.h */,
				841584E114826F4D00ACA574 /* FontLabel.m */,
				841584E314826F4D00ACA574 /* FontLabelStringDrawing.h */,
				841584E414826F4D00ACA574 /* FontLabelStringDrawing.m */,
				841584E614826F4D00ACA574 /* FontManager.h */,
				841584E714826F4D00ACA574 /* FontManager.m */,
				841584E914826F4D00ACA574 /* ZAttributedString.h */,
				841584EA14826F4D00ACA574 /* ZAttributedString.m */,
				841584EC14826F4D00ACA574 /* ZAttributedStringPrivate.h */,
				841584ED14826F4D00ACA574 /* ZFont.h */,
				841584EE14826F4D00ACA574 /* ZFont.m */,
			);
			name = FontLabel;
			sourceTree = "<group>";
		};
		841584F114826F4D00ACA574 /* Supporting Files */ = {
			isa = PBXGroup;
			children = (
				841584F214826F4D00ACA574 /* Prefix.pch */,
				841584F314826F4D00ACA574 /* main.m */,
			);
			name = "Supporting Files";
			sourceTree = "<group>";
		};
/* End PBXGroup section */

/* Begin PBXNativeTarget section */
		8415838B14826F4B00ACA574 /* InnOut */ = {
			isa = PBXNativeTarget;
			buildConfigurationList = 8415850114826F4D00ACA574 /* Build configuration list for PBXNativeTarget "InnOut" */;
			buildPhases = (
				8415838814826F4B00ACA574 /* Sources */,
				8415838914826F4B00ACA574 /* Frameworks */,
				8415838A14826F4B00ACA574 /* Resources */,
			);
			buildRules = (
			);
			dependencies = (
			);
			name = InnOut;
			productName = InnOut;
			productReference = 8415838C14826F4B00ACA574 /* InnOut.app */;
			productType = "com.apple.product-type.application";
		};
/* End PBXNativeTarget section */

/* Begin PBXProject section */
		8415838314826F4B00ACA574 /* Project object */ = {
			isa = PBXProject;
			attributes = {
				LastUpgradeCheck = 0420;
			};
			buildConfigurationList = 8415838614826F4B00ACA574 /* Build configuration list for PBXProject "InnOut" */;
			compatibilityVersion = "Xcode 3.2";
			developmentRegion = English;
			hasScannedForEncodings = 0;
			knownRegions = (
				en,
			);
			mainGroup = 8415838114826F4B00ACA574;
			productRefGroup = 8415838D14826F4B00ACA574 /* Products */;
			projectDirPath = "";
			projectRoot = "";
			targets = (
				8415838B14826F4B00ACA574 /* InnOut */,
			);
		};
/* End PBXProject section */

/* Begin PBXResourcesBuildPhase section */
		8415838A14826F4B00ACA574 /* Resources */ = {
			isa = PBXResourcesBuildPhase;
			buildActionMask = 2147483647;
			files = (
				841583A314826F4B00ACA574 /* Default.png in Resources */,
				841583A514826F4B00ACA574 /* fps_images.png in Resources */,
				841583A714826F4B00ACA574 /* Icon-72.png in Resources */,
				841583A914826F4B00ACA574 /* Icon-Small-50.png in Resources */,
				841583AB14826F4B00ACA574 /* Icon-Small.png in Resources */,
				841583AD14826F4B00ACA574 /* Icon-Small@2x.png in Resources */,
				841583AF14826F4B00ACA574 /* Icon.png in Resources */,
				841583B114826F4B00ACA574 /* Icon@2x.png in Resources */,
				841583B414826F4B00ACA574 /* iTunesArtwork in Resources */,
			);
			runOnlyForDeploymentPostprocessing = 0;
		};
/* End PBXResourcesBuildPhase section */

/* Begin PBXSourcesBuildPhase section */
		8415838814826F4B00ACA574 /* Sources */ = {
			isa = PBXSourcesBuildPhase;
			buildActionMask = 2147483647;
			files = (
				841583B914826F4B00ACA574 /* CCAction.m in Sources */,
				841583BC14826F4B00ACA574 /* CCActionCamera.m in Sources */,
				841583BF14826F4B00ACA574 /* CCActionEase.m in Sources */,
				841583C214826F4B00ACA574 /* CCActionGrid.m in Sources */,
				841583C514826F4B00ACA574 /* CCActionGrid3D.m in Sources */,
				841583C814826F4B00ACA574 /* CCActionInstant.m in Sources */,
				841583CB14826F4B00ACA574 /* CCActionInterval.m in Sources */,
				841583CE14826F4B00ACA574 /* CCActionManager.m in Sources */,
				841583D114826F4B00ACA574 /* CCActionPageTurn3D.m in Sources */,
				841583D414826F4B00ACA574 /* CCActionProgressTimer.m in Sources */,
				841583D714826F4B00ACA574 /* CCActionTiledGrid.m in Sources */,
				841583DA14826F4B00ACA574 /* CCActionTween.m in Sources */,
				841583DD14826F4B00ACA574 /* CCAnimation.m in Sources */,
				841583E014826F4B00ACA574 /* CCAnimationCache.m in Sources */,
				841583E314826F4B00ACA574 /* CCAtlasNode.m in Sources */,
				841583E614826F4B00ACA574 /* CCBlockSupport.m in Sources */,
				841583E914826F4B00ACA574 /* CCCamera.m in Sources */,
				841583ED14826F4B00ACA574 /* CCConfiguration.m in Sources */,
				841583F014826F4B00ACA574 /* CCDirector.m in Sources */,
				841583F314826F4B00ACA574 /* CCDrawingPrimitives.m in Sources */,
				841583F614826F4B00ACA574 /* CCGrabber.m in Sources */,
				841583F914826F4C00ACA574 /* CCGrid.m in Sources */,
				841583FC14826F4C00ACA574 /* CCLabelAtlas.m in Sources */,
				841583FF14826F4C00ACA574 /* CCLabelBMFont.m in Sources */,
				8415840214826F4C00ACA574 /* CCLabelTTF.m in Sources */,
				8415840514826F4C00ACA574 /* CCLayer.m in Sources */,
				8415840914826F4C00ACA574 /* CCMenu.m in Sources */,
				8415840C14826F4C00ACA574 /* CCMenuItem.m in Sources */,
				8415840F14826F4C00ACA574 /* CCMotionStreak.m in Sources */,
				8415841214826F4C00ACA574 /* CCNode.m in Sources */,
				8415841514826F4C00ACA574 /* CCParallaxNode.m in Sources */,
				8415841814826F4C00ACA574 /* CCParticleBatchNode.m in Sources */,
				8415841B14826F4C00ACA574 /* CCParticleExamples.m in Sources */,
				8415841E14826F4C00ACA574 /* CCParticleSystem.m in Sources */,
				8415842114826F4C00ACA574 /* CCParticleSystemPoint.m in Sources */,
				8415842414826F4C00ACA574 /* CCParticleSystemQuad.m in Sources */,
				8415842714826F4C00ACA574 /* CCProgressTimer.m in Sources */,
				8415842B14826F4C00ACA574 /* CCRenderTexture.m in Sources */,
				8415842E14826F4C00ACA574 /* CCRibbon.m in Sources */,
				8415843114826F4C00ACA574 /* CCScene.m in Sources */,
				8415843414826F4C00ACA574 /* CCScheduler.m in Sources */,
				8415843714826F4C00ACA574 /* CCSprite.m in Sources */,
				8415843A14826F4C00ACA574 /* CCSpriteBatchNode.m in Sources */,
				8415843D14826F4C00ACA574 /* CCSpriteFrame.m in Sources */,
				8415844014826F4C00ACA574 /* CCSpriteFrameCache.m in Sources */,
				8415844314826F4C00ACA574 /* CCTexture2D.m in Sources */,
				8415844614826F4C00ACA574 /* CCTextureAtlas.m in Sources */,
				8415844914826F4C00ACA574 /* CCTextureCache.m in Sources */,
				8415844C14826F4C00ACA574 /* CCTexturePVR.m in Sources */,
				8415844F14826F4C00ACA574 /* CCTileMapAtlas.m in Sources */,
				8415845214826F4C00ACA574 /* CCTMXLayer.m in Sources */,
				8415845514826F4C00ACA574 /* CCTMXObjectGroup.m in Sources */,
				8415845814826F4C00ACA574 /* CCTMXTiledMap.m in Sources */,
				8415845B14826F4C00ACA574 /* CCTMXXMLParser.m in Sources */,
				8415845E14826F4C00ACA574 /* CCTransition.m in Sources */,
				8415846114826F4C00ACA574 /* CCTransitionPageTurn.m in Sources */,
				8415846414826F4C00ACA574 /* CCTransitionRadial.m in Sources */,
				8415846814826F4C00ACA574 /* cocos2d.m in Sources */,
				8415846F14826F4C00ACA574 /* CCDirectorIOS.m in Sources */,
				8415847314826F4C00ACA574 /* CCTouchDispatcher.m in Sources */,
				8415847614826F4C00ACA574 /* CCTouchHandler.m in Sources */,
				8415847914826F4C00ACA574 /* EAGLView.m in Sources */,
				8415847C14826F4C00ACA574 /* ES1Renderer.m in Sources */,
				8415847F14826F4C00ACA574 /* glu.c in Sources */,
				8415848414826F4C00ACA574 /* CCDirectorMac.m in Sources */,
				8415848714826F4C00ACA574 /* CCEventDispatcher.m in Sources */,
				8415848A14826F4C00ACA574 /* MacGLView.m in Sources */,
				8415848D14826F4C00ACA574 /* MacWindow.m in Sources */,
				8415849014826F4C00ACA574 /* base64.c in Sources */,
				8415849414826F4C00ACA574 /* CCArray.m in Sources */,
				8415849814826F4C00ACA574 /* CCFileUtils.m in Sources */,
				8415849B14826F4C00ACA574 /* CCProfiling.m in Sources */,
				8415849D14826F4C00ACA574 /* ccUtils.c in Sources */,
				841584A114826F4C00ACA574 /* CGPointExtension.m in Sources */,
				841584A514826F4C00ACA574 /* TGAlib.m in Sources */,
				841584A814826F4C00ACA574 /* TransformUtils.m in Sources */,
				841584AD14826F4C00ACA574 /* ZipUtils.m in Sources */,
				841584B214826F4C00ACA574 /* CDAudioManager.m in Sources */,
				841584B614826F4C00ACA574 /* CDOpenALSupport.m in Sources */,
				841584B914826F4C00ACA574 /* CocosDenshion.m in Sources */,
				841584BC14826F4D00ACA574 /* SimpleAudioEngine.m in Sources */,
				841584C114826F4D00ACA574 /* CLScoreServerPost.m in Sources */,
				841584C414826F4D00ACA574 /* CLScoreServerRequest.m in Sources */,
				841584C714826F4D00ACA574 /* cocoslive.m in Sources */,
				841584CC14826F4D00ACA574 /* CDataScanner.m in Sources */,
				841584D014826F4D00ACA574 /* CDataScanner_Extensions.m in Sources */,
				841584D314826F4D00ACA574 /* NSDictionary_JSONExtensions.m in Sources */,
				841584D714826F4D00ACA574 /* CJSONDeserializer.m in Sources */,
				841584DA14826F4D00ACA574 /* CJSONScanner.m in Sources */,
				841584DD14826F4D00ACA574 /* CJSONSerializer.m in Sources */,
				841584E214826F4D00ACA574 /* FontLabel.m in Sources */,
				841584E514826F4D00ACA574 /* FontLabelStringDrawing.m in Sources */,
				841584E814826F4D00ACA574 /* FontManager.m in Sources */,
				841584EB14826F4D00ACA574 /* ZAttributedString.m in Sources */,
				841584EF14826F4D00ACA574 /* ZFont.m in Sources */,
				841584F414826F4D00ACA574 /* main.m in Sources */,
				841584F714826F4D00ACA574 /* AppDelegate.m in Sources */,
				841584FA14826F4D00ACA574 /* RootViewController.m in Sources */,
				841584FD14826F4D00ACA574 /* HelloWorldLayer.m in Sources */,
			);
			runOnlyForDeploymentPostprocessing = 0;
		};
/* End PBXSourcesBuildPhase section */

/* Begin XCBuildConfiguration section */
		841584FF14826F4D00ACA574 /* Debug */ = {
			isa = XCBuildConfiguration;
			buildSettings = {
				ARCHS = "$(ARCHS_STANDARD_32_BIT)";
				"CODE_SIGN_IDENTITY[sdk=iphoneos*]" = "iPhone Developer";
				GCC_C_LANGUAGE_STANDARD = gnu99;
				GCC_OPTIMIZATION_LEVEL = 0;
				GCC_PREPROCESSOR_DEFINITIONS = (
					DEBUG,
					"COCOS2D_DEBUG=1",
				);
				GCC_SYMBOLS_PRIVATE_EXTERN = NO;
				GCC_VERSION = com.apple.compilers.llvmgcc42;
				GCC_WARN_ABOUT_RETURN_TYPE = YES;
				GCC_WARN_UNUSED_VARIABLE = YES;
				IPHONEOS_DEPLOYMENT_TARGET = 5.0;
				SDKROOT = iphoneos;
			};
			name = Debug;
		};
		8415850014826F4D00ACA574 /* Release */ = {
			isa = XCBuildConfiguration;
			buildSettings = {
				ARCHS = "$(ARCHS_STANDARD_32_BIT)";
				"CODE_SIGN_IDENTITY[sdk=iphoneos*]" = "iPhone Developer";
				GCC_C_LANGUAGE_STANDARD = gnu99;
				GCC_PREPROCESSOR_DEFINITIONS = NDEBUG;
				GCC_VERSION = com.apple.compilers.llvmgcc42;
				GCC_WARN_ABOUT_RETURN_TYPE = YES;
				GCC_WARN_UNUSED_VARIABLE = YES;
				IPHONEOS_DEPLOYMENT_TARGET = 5.0;
				OTHER_CFLAGS = "-DNS_BLOCK_ASSERTIONS=1";
				SDKROOT = iphoneos;
			};
			name = Release;
		};
		8415850214826F4D00ACA574 /* Debug */ = {
			isa = XCBuildConfiguration;
			buildSettings = {
				ALWAYS_SEARCH_USER_PATHS = NO;
				COPY_PHASE_STRIP = NO;
				GCC_DYNAMIC_NO_PIC = NO;
				GCC_PRECOMPILE_PREFIX_HEADER = YES;
				GCC_PREFIX_HEADER = InnOut/Prefix.pch;
				"GCC_THUMB_SUPPORT[arch=armv6]" = "";
				INFOPLIST_FILE = InnOut/Resources/Info.plist;
				OTHER_LDFLAGS = "-lz";
				PRODUCT_NAME = "$(TARGET_NAME)";
				WRAPPER_EXTENSION = app;
			};
			name = Debug;
		};
		8415850314826F4D00ACA574 /* Release */ = {
			isa = XCBuildConfiguration;
			buildSettings = {
				ALWAYS_SEARCH_USER_PATHS = NO;
				COPY_PHASE_STRIP = YES;
				GCC_PRECOMPILE_PREFIX_HEADER = YES;
				GCC_PREFIX_HEADER = InnOut/Prefix.pch;
				"GCC_THUMB_SUPPORT[arch=armv6]" = "";
				INFOPLIST_FILE = InnOut/Resources/Info.plist;
				OTHER_LDFLAGS = "-lz";
				PRODUCT_NAME = "$(TARGET_NAME)";
				VALIDATE_PRODUCT = YES;
				WRAPPER_EXTENSION = app;
			};
			name = Release;
		};
/* End XCBuildConfiguration section */

/* Begin XCConfigurationList section */
		8415838614826F4B00ACA574 /* Build configuration list for PBXProject "InnOut" */ = {
			isa = XCConfigurationList;
			buildConfigurations = (
				841584FF14826F4D00ACA574 /* Debug */,
				8415850014826F4D00ACA574 /* Release */,
			);
			defaultConfigurationIsVisible = 0;
			defaultConfigurationName = Release;
		};
		8415850114826F4D00ACA574 /* Build configuration list for PBXNativeTarget "InnOut" */ = {
			isa = XCConfigurationList;
			buildConfigurations = (
				8415850214826F4D00ACA574 /* Debug */,
				8415850314826F4D00ACA574 /* Release */,
			);
			defaultConfigurationIsVisible = 0;
		};
/* End XCConfigurationList section */
	};
	rootObject = 8415838314826F4B00ACA574 /* Project object */;
}
